// !$*UTF8*$!
{
	archiveVersion = 1;
	classes = {
	};
	objectVersion = 46;
	objects = {

/* Begin PBXBuildFile section */
		1C7E61841EE7DF4F0088F33F /* main.m in Sources */ = {isa = PBXBuildFile; fileRef = 1C7E61831EE7DF4F0088F33F /* main.m */; };
		1C7E61871EE7DF4F0088F33F /* AppDelegate.m in Sources */ = {isa = PBXBuildFile; fileRef = 1C7E61861EE7DF4F0088F33F /* AppDelegate.m */; };
		1C7E618A1EE7DF4F0088F33F /* ViewController.m in Sources */ = {isa = PBXBuildFile; fileRef = 1C7E61891EE7DF4F0088F33F /* ViewController.m */; };
		1C7E618D1EE7DF4F0088F33F /* Main.storyboard in Resources */ = {isa = PBXBuildFile; fileRef = 1C7E618B1EE7DF4F0088F33F /* Main.storyboard */; };
		1C7E618F1EE7DF4F0088F33F /* Assets.xcassets in Resources */ = {isa = PBXBuildFile; fileRef = 1C7E618E1EE7DF4F0088F33F /* Assets.xcassets */; };
		1C7E61921EE7DF4F0088F33F /* LaunchScreen.storyboard in Resources */ = {isa = PBXBuildFile; fileRef = 1C7E61901EE7DF4F0088F33F /* LaunchScreen.storyboard */; };
		1C7E619D1EE7DF4F0088F33F /* OneMinuteTests.m in Sources */ = {isa = PBXBuildFile; fileRef = 1C7E619C1EE7DF4F0088F33F /* OneMinuteTests.m */; };
		1C7E61A81EE7DF4F0088F33F /* OneMinuteUITests.m in Sources */ = {isa = PBXBuildFile; fileRef = 1C7E61A71EE7DF4F0088F33F /* OneMinuteUITests.m */; };
		1C7E61BD1EE7E4AC0088F33F /* DLYAsyncQueue.m in Sources */ = {isa = PBXBuildFile; fileRef = 1C7E61B71EE7E4AC0088F33F /* DLYAsyncQueue.m */; };
		1C7E61BE1EE7E4AC0088F33F /* DLYModule.m in Sources */ = {isa = PBXBuildFile; fileRef = 1C7E61B91EE7E4AC0088F33F /* DLYModule.m */; };
		1C7E61BF1EE7E4AC0088F33F /* DLYModuleManager.m in Sources */ = {isa = PBXBuildFile; fileRef = 1C7E61BB1EE7E4AC0088F33F /* DLYModuleManager.m */; };
		1C7E61C31EE7E6730088F33F /* DLYLogModule.m in Sources */ = {isa = PBXBuildFile; fileRef = 1C7E61C21EE7E6730088F33F /* DLYLogModule.m */; };
		6F07B8FFA11D613AD0C6371B /* libPods-OneMinute.a in Frameworks */ = {isa = PBXBuildFile; fileRef = 98DBC5BCCC8288A2A795F99B /* libPods-OneMinute.a */; };
		6F12AE6C1F3DB78300CE8CB6 /* DLYDownloader.m in Sources */ = {isa = PBXBuildFile; fileRef = 6F12AE691F3DB78300CE8CB6 /* DLYDownloader.m */; };
		6F12AE6D1F3DB78300CE8CB6 /* DLYDownloadManager.m in Sources */ = {isa = PBXBuildFile; fileRef = 6F12AE6B1F3DB78300CE8CB6 /* DLYDownloadManager.m */; };
		6F32F7A71F99A57D004C4553 /* iconfont.ttf in Resources */ = {isa = PBXBuildFile; fileRef = 6F32F7A61F99A57D004C4553 /* iconfont.ttf */; };
		6F643AF41F97583E001FDA76 /* PromoteVideo.mp4 in Resources */ = {isa = PBXBuildFile; fileRef = 6F643AF31F97583E001FDA76 /* PromoteVideo.mp4 */; };
		6F7455131F7A3EDE00682FB8 /* DLYThemesData.m in Sources */ = {isa = PBXBuildFile; fileRef = 6F7455121F7A3EDE00682FB8 /* DLYThemesData.m */; };
		6F806D6B1F7CEE7700B4EC51 /* DLYVideoFilter.m in Sources */ = {isa = PBXBuildFile; fileRef = 6F806D6A1F7CEE7700B4EC51 /* DLYVideoFilter.m */; };
		6F81E7BD1F985564008A2FC9 /* DLYUserTrack.m in Sources */ = {isa = PBXBuildFile; fileRef = 6F81E7BC1F985564008A2FC9 /* DLYUserTrack.m */; };
		6F89259C1F1B12A100256093 /* DLYExportViewController.m in Sources */ = {isa = PBXBuildFile; fileRef = 6F89259B1F1B12A100256093 /* DLYExportViewController.m */; };
		6F8925AF1F1B135100256093 /* DLYPlayVideoViewController.m in Sources */ = {isa = PBXBuildFile; fileRef = 6F8925AE1F1B135100256093 /* DLYPlayVideoViewController.m */; };
		6F8925C61F1B13B400256093 /* DLYLaunchPlayerViewController.m in Sources */ = {isa = PBXBuildFile; fileRef = 6F8925C51F1B13B400256093 /* DLYLaunchPlayerViewController.m */; };
		6F8925CC1F1B13CA00256093 /* DLYBaseNavigationController.m in Sources */ = {isa = PBXBuildFile; fileRef = 6F8925C91F1B13CA00256093 /* DLYBaseNavigationController.m */; };
		6F8925CD1F1B13CA00256093 /* DLYBaseViewController.m in Sources */ = {isa = PBXBuildFile; fileRef = 6F8925CB1F1B13CA00256093 /* DLYBaseViewController.m */; };
		6F8925D51F1B13FF00256093 /* DLYAnnularProgress.m in Sources */ = {isa = PBXBuildFile; fileRef = 6F8925D01F1B13FF00256093 /* DLYAnnularProgress.m */; };
		6F8925D61F1B13FF00256093 /* DLYAlertView.m in Sources */ = {isa = PBXBuildFile; fileRef = 6F8925D21F1B13FF00256093 /* DLYAlertView.m */; };
		6F8925DF1F1B142300256093 /* DLYPopupMenu.m in Sources */ = {isa = PBXBuildFile; fileRef = 6F8925DA1F1B142300256093 /* DLYPopupMenu.m */; };
		6F8925E01F1B142300256093 /* DLYPopupMenuPath.m in Sources */ = {isa = PBXBuildFile; fileRef = 6F8925DC1F1B142300256093 /* DLYPopupMenuPath.m */; };
		6F8925E11F1B142300256093 /* DLYRectConst.m in Sources */ = {isa = PBXBuildFile; fileRef = 6F8925DE1F1B142300256093 /* DLYRectConst.m */; };
		6FA74E871F5E48B800114C93 /* DLYTitleView.m in Sources */ = {isa = PBXBuildFile; fileRef = 6FA74E861F5E48B800114C93 /* DLYTitleView.m */; };
		6FD13ABE1F5FDAF4000B72FC /* DLYAnimationViewController.m in Sources */ = {isa = PBXBuildFile; fileRef = 6FD13ABD1F5FDAF4000B72FC /* DLYAnimationViewController.m */; };
		6FD13AC41F60EC02000B72FC /* DLYIndicatorView.m in Sources */ = {isa = PBXBuildFile; fileRef = 6FD13AC31F60EC02000B72FC /* DLYIndicatorView.m */; };
		AD038C9A1F7293F10002C092 /* InfoPlist.strings in Resources */ = {isa = PBXBuildFile; fileRef = AD038C9C1F7293F10002C092 /* InfoPlist.strings */; };
		AD13AC381F35A51A00B2B8F3 /* ALAssetsLibrary+CustomPhotoAlbum.m in Sources */ = {isa = PBXBuildFile; fileRef = AD13AC371F35A51A00B2B8F3 /* ALAssetsLibrary+CustomPhotoAlbum.m */; };
		AD14ED461F9E0ABD000DB796 /* templateList_v1.plist in Resources */ = {isa = PBXBuildFile; fileRef = AD14ED451F9E0ABD000DB796 /* templateList_v1.plist */; };
		AD26F1A81F53E6DE00565E27 /* DLYAVEngine.m in Sources */ = {isa = PBXBuildFile; fileRef = AD26F1A71F53E6DE00565E27 /* DLYAVEngine.m */; };
		AD26F1AA1F53E70A00565E27 /* DLYRecordViewController.m in Sources */ = {isa = PBXBuildFile; fileRef = AD26F1A91F53E70A00565E27 /* DLYRecordViewController.m */; };
		AD5B80B21F3443080094922B /* UIColor+Hex.m in Sources */ = {isa = PBXBuildFile; fileRef = AD5B80B11F3443080094922B /* UIColor+Hex.m */; };
		AD7608F31F70C07F00556E20 /* NSObject+JSONCategories.m in Sources */ = {isa = PBXBuildFile; fileRef = AD7608EA1F70C07F00556E20 /* NSObject+JSONCategories.m */; };
		AD7608F41F70C07F00556E20 /* UIButton+LargerHitArea.m in Sources */ = {isa = PBXBuildFile; fileRef = AD7608EC1F70C07F00556E20 /* UIButton+LargerHitArea.m */; };
		AD7608F51F70C07F00556E20 /* UIImage+iconfont.m in Sources */ = {isa = PBXBuildFile; fileRef = AD7608EE1F70C07F00556E20 /* UIImage+iconfont.m */; };
		AD7608F61F70C08000556E20 /* UIView+Extension.m in Sources */ = {isa = PBXBuildFile; fileRef = AD7608F01F70C07F00556E20 /* UIView+Extension.m */; };
		AD7608F71F70C08000556E20 /* UIView+Utility.m in Sources */ = {isa = PBXBuildFile; fileRef = AD7608F21F70C07F00556E20 /* UIView+Utility.m */; };
		AD849F441F72019900B1E08F /* DLYConstants.m in Sources */ = {isa = PBXBuildFile; fileRef = AD849F431F72019900B1E08F /* DLYConstants.m */; };
		ADA3709C1F2D11780082AEC6 /* DLYResource.m in Sources */ = {isa = PBXBuildFile; fileRef = ADA3709B1F2D11780082AEC6 /* DLYResource.m */; };
		ADC9AC081F9F0B4000467586 /* BigMeal.dly in Resources */ = {isa = PBXBuildFile; fileRef = ADC9ABFC1F9F0B3F00467586 /* BigMeal.dly */; };
		ADC9AC091F9F0B4000467586 /* ColorfulLife.dly in Resources */ = {isa = PBXBuildFile; fileRef = ADC9ABFD1F9F0B3F00467586 /* ColorfulLife.dly */; };
		ADC9AC0A1F9F0B4000467586 /* GoNorth.dly in Resources */ = {isa = PBXBuildFile; fileRef = ADC9ABFE1F9F0B4000467586 /* GoNorth.dly */; };
		ADC9AC0B1F9F0B4000467586 /* AfternoonTea.dly in Resources */ = {isa = PBXBuildFile; fileRef = ADC9ABFF1F9F0B4000467586 /* AfternoonTea.dly */; };
		ADC9AC0C1F9F0B4000467586 /* MyMaldives.dly in Resources */ = {isa = PBXBuildFile; fileRef = ADC9AC001F9F0B4000467586 /* MyMaldives.dly */; };
		ADC9AC0D1F9F0B4000467586 /* SoDelicious.dly in Resources */ = {isa = PBXBuildFile; fileRef = ADC9AC011F9F0B4000467586 /* SoDelicious.dly */; };
		ADC9AC0E1F9F0B4000467586 /* YoungOuting.dly in Resources */ = {isa = PBXBuildFile; fileRef = ADC9AC021F9F0B4000467586 /* YoungOuting.dly */; };
		ADC9AC0F1F9F0B4000467586 /* Primary.dly in Resources */ = {isa = PBXBuildFile; fileRef = ADC9AC031F9F0B4000467586 /* Primary.dly */; };
		ADC9AC101F9F0B4000467586 /* Advanced.dly in Resources */ = {isa = PBXBuildFile; fileRef = ADC9AC041F9F0B4000467586 /* Advanced.dly */; };
		ADC9AC111F9F0B4000467586 /* SunSetBeach.dly in Resources */ = {isa = PBXBuildFile; fileRef = ADC9AC051F9F0B4000467586 /* SunSetBeach.dly */; };
		ADC9AC121F9F0B4000467586 /* Secondary.dly in Resources */ = {isa = PBXBuildFile; fileRef = ADC9AC061F9F0B4000467586 /* Secondary.dly */; };
		ADC9AC131F9F0B4000467586 /* SpiritTerritory.dly in Resources */ = {isa = PBXBuildFile; fileRef = ADC9AC071F9F0B4000467586 /* SpiritTerritory.dly */; };
		ADD0E7D41F2D9F3500996BD6 /* UIImage+Extension.m in Sources */ = {isa = PBXBuildFile; fileRef = ADD0E7D31F2D9F3500996BD6 /* UIImage+Extension.m */; };
		ADF072901F9F97B2003088AE /* AfternoonTeaBGM.m4a in Resources */ = {isa = PBXBuildFile; fileRef = ADF072841F9F97B0003088AE /* AfternoonTeaBGM.m4a */; };
		ADF072911F9F97B2003088AE /* GoNorthBGM.m4a in Resources */ = {isa = PBXBuildFile; fileRef = ADF072851F9F97B0003088AE /* GoNorthBGM.m4a */; };
		ADF072921F9F97B2003088AE /* MyMaldivesBGM.m4a in Resources */ = {isa = PBXBuildFile; fileRef = ADF072861F9F97B0003088AE /* MyMaldivesBGM.m4a */; };
		ADF072931F9F97B2003088AE /* SecondaryBGM.m4a in Resources */ = {isa = PBXBuildFile; fileRef = ADF072871F9F97B1003088AE /* SecondaryBGM.m4a */; };
		ADF072941F9F97B2003088AE /* PrimaryBGM.m4a in Resources */ = {isa = PBXBuildFile; fileRef = ADF072881F9F97B1003088AE /* PrimaryBGM.m4a */; };
		ADF072951F9F97B2003088AE /* SoDeliciousBGM.m4a in Resources */ = {isa = PBXBuildFile; fileRef = ADF072891F9F97B1003088AE /* SoDeliciousBGM.m4a */; };
		ADF072961F9F97B2003088AE /* AdvancedBGM.m4a in Resources */ = {isa = PBXBuildFile; fileRef = ADF0728A1F9F97B1003088AE /* AdvancedBGM.m4a */; };
		ADF072971F9F97B2003088AE /* SpiritTerritoryBGM.m4a in Resources */ = {isa = PBXBuildFile; fileRef = ADF0728B1F9F97B2003088AE /* SpiritTerritoryBGM.m4a */; };
		ADF072981F9F97B2003088AE /* SunSetBeachBGM.m4a in Resources */ = {isa = PBXBuildFile; fileRef = ADF0728C1F9F97B2003088AE /* SunSetBeachBGM.m4a */; };
		ADF072991F9F97B2003088AE /* YoungOutingBGM.m4a in Resources */ = {isa = PBXBuildFile; fileRef = ADF0728D1F9F97B2003088AE /* YoungOutingBGM.m4a */; };
		ADF0729A1F9F97B2003088AE /* ColorfulLifeBGM.m4a in Resources */ = {isa = PBXBuildFile; fileRef = ADF0728E1F9F97B2003088AE /* ColorfulLifeBGM.m4a */; };
		ADF0729B1F9F97B2003088AE /* BigMealBGM.m4a in Resources */ = {isa = PBXBuildFile; fileRef = ADF0728F1F9F97B2003088AE /* BigMealBGM.m4a */; };
		ADF0729E1FA03C8D003088AE /* DLYRecordTimer.m in Sources */ = {isa = PBXBuildFile; fileRef = ADF0729D1FA03C8D003088AE /* DLYRecordTimer.m */; };
		ADFFF1991F18A33000FB5BF7 /* DLYMobileDevice.m in Sources */ = {isa = PBXBuildFile; fileRef = ADFFF1821F18A33000FB5BF7 /* DLYMobileDevice.m */; };
		ADFFF19A1F18A33000FB5BF7 /* DLYVolumeAutomation.m in Sources */ = {isa = PBXBuildFile; fileRef = ADFFF1841F18A33000FB5BF7 /* DLYVolumeAutomation.m */; };
		ADFFF19B1F18A33000FB5BF7 /* DLYMiniVlogDraft.m in Sources */ = {isa = PBXBuildFile; fileRef = ADFFF1881F18A33000FB5BF7 /* DLYMiniVlogDraft.m */; };
		ADFFF19C1F18A33000FB5BF7 /* DLYMiniVlogPart.m in Sources */ = {isa = PBXBuildFile; fileRef = ADFFF18A1F18A33000FB5BF7 /* DLYMiniVlogPart.m */; };
		ADFFF19D1F18A33000FB5BF7 /* DLYMiniVlogProduct.m in Sources */ = {isa = PBXBuildFile; fileRef = ADFFF18C1F18A33000FB5BF7 /* DLYMiniVlogProduct.m */; };
		ADFFF19E1F18A33000FB5BF7 /* DLYMiniVlogTemplate.m in Sources */ = {isa = PBXBuildFile; fileRef = ADFFF18E1F18A33000FB5BF7 /* DLYMiniVlogTemplate.m */; };
		ADFFF1A11F18A33000FB5BF7 /* DLYSession.m in Sources */ = {isa = PBXBuildFile; fileRef = ADFFF1961F18A33000FB5BF7 /* DLYSession.m */; };
		ADFFF1A81F18BFAC00FB5BF7 /* DLYTransitionComposition.m in Sources */ = {isa = PBXBuildFile; fileRef = ADFFF1A71F18BFAC00FB5BF7 /* DLYTransitionComposition.m */; };
		ADFFF1AB1F18C00200FB5BF7 /* DLYTransitionInstructions.m in Sources */ = {isa = PBXBuildFile; fileRef = ADFFF1AA1F18C00200FB5BF7 /* DLYTransitionInstructions.m */; };
		ADFFF1AE1F18C04400FB5BF7 /* DLYVideoTransition.m in Sources */ = {isa = PBXBuildFile; fileRef = ADFFF1AD1F18C04400FB5BF7 /* DLYVideoTransition.m */; };
/* End PBXBuildFile section */

/* Begin PBXContainerItemProxy section */
		1C7E61991EE7DF4F0088F33F /* PBXContainerItemProxy */ = {
			isa = PBXContainerItemProxy;
			containerPortal = 1C7E61771EE7DF4F0088F33F /* Project object */;
			proxyType = 1;
			remoteGlobalIDString = 1C7E617E1EE7DF4F0088F33F;
			remoteInfo = OneMinute;
		};
		1C7E61A41EE7DF4F0088F33F /* PBXContainerItemProxy */ = {
			isa = PBXContainerItemProxy;
			containerPortal = 1C7E61771EE7DF4F0088F33F /* Project object */;
			proxyType = 1;
			remoteGlobalIDString = 1C7E617E1EE7DF4F0088F33F;
			remoteInfo = OneMinute;
		};
/* End PBXContainerItemProxy section */

/* Begin PBXFileReference section */
		1C7E617F1EE7DF4F0088F33F /* OneMinute.app */ = {isa = PBXFileReference; explicitFileType = wrapper.application; includeInIndex = 0; path = OneMinute.app; sourceTree = BUILT_PRODUCTS_DIR; };
		1C7E61831EE7DF4F0088F33F /* main.m */ = {isa = PBXFileReference; lastKnownFileType = sourcecode.c.objc; path = main.m; sourceTree = "<group>"; };
		1C7E61851EE7DF4F0088F33F /* AppDelegate.h */ = {isa = PBXFileReference; lastKnownFileType = sourcecode.c.h; path = AppDelegate.h; sourceTree = "<group>"; };
		1C7E61861EE7DF4F0088F33F /* AppDelegate.m */ = {isa = PBXFileReference; lastKnownFileType = sourcecode.c.objc; path = AppDelegate.m; sourceTree = "<group>"; };
		1C7E61881EE7DF4F0088F33F /* ViewController.h */ = {isa = PBXFileReference; lastKnownFileType = sourcecode.c.h; path = ViewController.h; sourceTree = "<group>"; };
		1C7E61891EE7DF4F0088F33F /* ViewController.m */ = {isa = PBXFileReference; lastKnownFileType = sourcecode.c.objc; path = ViewController.m; sourceTree = "<group>"; };
		1C7E618C1EE7DF4F0088F33F /* Base */ = {isa = PBXFileReference; lastKnownFileType = file.storyboard; name = Base; path = Base.lproj/Main.storyboard; sourceTree = "<group>"; };
		1C7E618E1EE7DF4F0088F33F /* Assets.xcassets */ = {isa = PBXFileReference; lastKnownFileType = folder.assetcatalog; path = Assets.xcassets; sourceTree = "<group>"; };
		1C7E61911EE7DF4F0088F33F /* Base */ = {isa = PBXFileReference; lastKnownFileType = file.storyboard; name = Base; path = Base.lproj/LaunchScreen.storyboard; sourceTree = "<group>"; };
		1C7E61931EE7DF4F0088F33F /* Info.plist */ = {isa = PBXFileReference; lastKnownFileType = text.plist.xml; path = Info.plist; sourceTree = "<group>"; };
		1C7E61981EE7DF4F0088F33F /* OneMinuteTests.xctest */ = {isa = PBXFileReference; explicitFileType = wrapper.cfbundle; includeInIndex = 0; path = OneMinuteTests.xctest; sourceTree = BUILT_PRODUCTS_DIR; };
		1C7E619C1EE7DF4F0088F33F /* OneMinuteTests.m */ = {isa = PBXFileReference; lastKnownFileType = sourcecode.c.objc; path = OneMinuteTests.m; sourceTree = "<group>"; };
		1C7E619E1EE7DF4F0088F33F /* Info.plist */ = {isa = PBXFileReference; lastKnownFileType = text.plist.xml; path = Info.plist; sourceTree = "<group>"; };
		1C7E61A31EE7DF4F0088F33F /* OneMinuteUITests.xctest */ = {isa = PBXFileReference; explicitFileType = wrapper.cfbundle; includeInIndex = 0; path = OneMinuteUITests.xctest; sourceTree = BUILT_PRODUCTS_DIR; };
		1C7E61A71EE7DF4F0088F33F /* OneMinuteUITests.m */ = {isa = PBXFileReference; lastKnownFileType = sourcecode.c.objc; path = OneMinuteUITests.m; sourceTree = "<group>"; };
		1C7E61A91EE7DF4F0088F33F /* Info.plist */ = {isa = PBXFileReference; lastKnownFileType = text.plist.xml; path = Info.plist; sourceTree = "<group>"; };
		1C7E61B61EE7E4AC0088F33F /* DLYAsyncQueue.h */ = {isa = PBXFileReference; fileEncoding = 4; lastKnownFileType = sourcecode.c.h; name = DLYAsyncQueue.h; path = Common/DLYAsyncQueue.h; sourceTree = "<group>"; };
		1C7E61B71EE7E4AC0088F33F /* DLYAsyncQueue.m */ = {isa = PBXFileReference; fileEncoding = 4; lastKnownFileType = sourcecode.c.objc; name = DLYAsyncQueue.m; path = Common/DLYAsyncQueue.m; sourceTree = "<group>"; };
		1C7E61B81EE7E4AC0088F33F /* DLYModule.h */ = {isa = PBXFileReference; fileEncoding = 4; lastKnownFileType = sourcecode.c.h; name = DLYModule.h; path = Common/DLYModule.h; sourceTree = "<group>"; };
		1C7E61B91EE7E4AC0088F33F /* DLYModule.m */ = {isa = PBXFileReference; fileEncoding = 4; lastKnownFileType = sourcecode.c.objc; name = DLYModule.m; path = Common/DLYModule.m; sourceTree = "<group>"; };
		1C7E61BA1EE7E4AC0088F33F /* DLYModuleManager.h */ = {isa = PBXFileReference; fileEncoding = 4; lastKnownFileType = sourcecode.c.h; name = DLYModuleManager.h; path = Common/DLYModuleManager.h; sourceTree = "<group>"; };
		1C7E61BB1EE7E4AC0088F33F /* DLYModuleManager.m */ = {isa = PBXFileReference; fileEncoding = 4; lastKnownFileType = sourcecode.c.objc; name = DLYModuleManager.m; path = Common/DLYModuleManager.m; sourceTree = "<group>"; };
		1C7E61BC1EE7E4AC0088F33F /* DLYSharedInstance.h */ = {isa = PBXFileReference; fileEncoding = 4; lastKnownFileType = sourcecode.c.h; name = DLYSharedInstance.h; path = Common/DLYSharedInstance.h; sourceTree = "<group>"; };
		1C7E61C11EE7E6730088F33F /* DLYLogModule.h */ = {isa = PBXFileReference; fileEncoding = 4; lastKnownFileType = sourcecode.c.h; name = DLYLogModule.h; path = Log/DLYLogModule.h; sourceTree = "<group>"; };
		1C7E61C21EE7E6730088F33F /* DLYLogModule.m */ = {isa = PBXFileReference; fileEncoding = 4; lastKnownFileType = sourcecode.c.objc; name = DLYLogModule.m; path = Log/DLYLogModule.m; sourceTree = "<group>"; };
		6F12AE681F3DB78300CE8CB6 /* DLYDownloader.h */ = {isa = PBXFileReference; fileEncoding = 4; lastKnownFileType = sourcecode.c.h; path = DLYDownloader.h; sourceTree = "<group>"; };
		6F12AE691F3DB78300CE8CB6 /* DLYDownloader.m */ = {isa = PBXFileReference; fileEncoding = 4; lastKnownFileType = sourcecode.c.objc; path = DLYDownloader.m; sourceTree = "<group>"; };
		6F12AE6A1F3DB78300CE8CB6 /* DLYDownloadManager.h */ = {isa = PBXFileReference; fileEncoding = 4; lastKnownFileType = sourcecode.c.h; path = DLYDownloadManager.h; sourceTree = "<group>"; };
		6F12AE6B1F3DB78300CE8CB6 /* DLYDownloadManager.m */ = {isa = PBXFileReference; fileEncoding = 4; lastKnownFileType = sourcecode.c.objc; path = DLYDownloadManager.m; sourceTree = "<group>"; };
		6F32F7A61F99A57D004C4553 /* iconfont.ttf */ = {isa = PBXFileReference; lastKnownFileType = file; path = iconfont.ttf; sourceTree = "<group>"; };
		6F643AF31F97583E001FDA76 /* PromoteVideo.mp4 */ = {isa = PBXFileReference; lastKnownFileType = file; path = PromoteVideo.mp4; sourceTree = "<group>"; };
		6F7455111F7A3EDE00682FB8 /* DLYThemesData.h */ = {isa = PBXFileReference; fileEncoding = 4; lastKnownFileType = sourcecode.c.h; path = DLYThemesData.h; sourceTree = "<group>"; };
		6F7455121F7A3EDE00682FB8 /* DLYThemesData.m */ = {isa = PBXFileReference; fileEncoding = 4; lastKnownFileType = sourcecode.c.objc; path = DLYThemesData.m; sourceTree = "<group>"; };
		6F806D691F7CEE7700B4EC51 /* DLYVideoFilter.h */ = {isa = PBXFileReference; lastKnownFileType = sourcecode.c.h; path = DLYVideoFilter.h; sourceTree = "<group>"; };
		6F806D6A1F7CEE7700B4EC51 /* DLYVideoFilter.m */ = {isa = PBXFileReference; lastKnownFileType = sourcecode.c.objc; path = DLYVideoFilter.m; sourceTree = "<group>"; };
		6F81E7BB1F985564008A2FC9 /* DLYUserTrack.h */ = {isa = PBXFileReference; lastKnownFileType = sourcecode.c.h; path = DLYUserTrack.h; sourceTree = "<group>"; };
		6F81E7BC1F985564008A2FC9 /* DLYUserTrack.m */ = {isa = PBXFileReference; lastKnownFileType = sourcecode.c.objc; path = DLYUserTrack.m; sourceTree = "<group>"; };
		6F89259A1F1B12A100256093 /* DLYExportViewController.h */ = {isa = PBXFileReference; fileEncoding = 4; lastKnownFileType = sourcecode.c.h; path = DLYExportViewController.h; sourceTree = "<group>"; };
		6F89259B1F1B12A100256093 /* DLYExportViewController.m */ = {isa = PBXFileReference; fileEncoding = 4; lastKnownFileType = sourcecode.c.objc; path = DLYExportViewController.m; sourceTree = "<group>"; };
		6F8925AD1F1B135100256093 /* DLYPlayVideoViewController.h */ = {isa = PBXFileReference; fileEncoding = 4; lastKnownFileType = sourcecode.c.h; path = DLYPlayVideoViewController.h; sourceTree = "<group>"; };
		6F8925AE1F1B135100256093 /* DLYPlayVideoViewController.m */ = {isa = PBXFileReference; fileEncoding = 4; lastKnownFileType = sourcecode.c.objc; path = DLYPlayVideoViewController.m; sourceTree = "<group>"; };
		6F8925C41F1B13B400256093 /* DLYLaunchPlayerViewController.h */ = {isa = PBXFileReference; fileEncoding = 4; lastKnownFileType = sourcecode.c.h; path = DLYLaunchPlayerViewController.h; sourceTree = "<group>"; };
		6F8925C51F1B13B400256093 /* DLYLaunchPlayerViewController.m */ = {isa = PBXFileReference; fileEncoding = 4; lastKnownFileType = sourcecode.c.objc; path = DLYLaunchPlayerViewController.m; sourceTree = "<group>"; };
		6F8925C81F1B13CA00256093 /* DLYBaseNavigationController.h */ = {isa = PBXFileReference; fileEncoding = 4; lastKnownFileType = sourcecode.c.h; path = DLYBaseNavigationController.h; sourceTree = "<group>"; };
		6F8925C91F1B13CA00256093 /* DLYBaseNavigationController.m */ = {isa = PBXFileReference; fileEncoding = 4; lastKnownFileType = sourcecode.c.objc; path = DLYBaseNavigationController.m; sourceTree = "<group>"; };
		6F8925CA1F1B13CA00256093 /* DLYBaseViewController.h */ = {isa = PBXFileReference; fileEncoding = 4; lastKnownFileType = sourcecode.c.h; path = DLYBaseViewController.h; sourceTree = "<group>"; };
		6F8925CB1F1B13CA00256093 /* DLYBaseViewController.m */ = {isa = PBXFileReference; fileEncoding = 4; lastKnownFileType = sourcecode.c.objc; path = DLYBaseViewController.m; sourceTree = "<group>"; };
		6F8925CF1F1B13FF00256093 /* DLYAnnularProgress.h */ = {isa = PBXFileReference; fileEncoding = 4; lastKnownFileType = sourcecode.c.h; path = DLYAnnularProgress.h; sourceTree = "<group>"; };
		6F8925D01F1B13FF00256093 /* DLYAnnularProgress.m */ = {isa = PBXFileReference; fileEncoding = 4; lastKnownFileType = sourcecode.c.objc; path = DLYAnnularProgress.m; sourceTree = "<group>"; };
		6F8925D11F1B13FF00256093 /* DLYAlertView.h */ = {isa = PBXFileReference; fileEncoding = 4; lastKnownFileType = sourcecode.c.h; path = DLYAlertView.h; sourceTree = "<group>"; };
		6F8925D21F1B13FF00256093 /* DLYAlertView.m */ = {isa = PBXFileReference; fileEncoding = 4; lastKnownFileType = sourcecode.c.objc; path = DLYAlertView.m; sourceTree = "<group>"; };
		6F8925D91F1B142300256093 /* DLYPopupMenu.h */ = {isa = PBXFileReference; fileEncoding = 4; lastKnownFileType = sourcecode.c.h; path = DLYPopupMenu.h; sourceTree = "<group>"; };
		6F8925DA1F1B142300256093 /* DLYPopupMenu.m */ = {isa = PBXFileReference; fileEncoding = 4; lastKnownFileType = sourcecode.c.objc; path = DLYPopupMenu.m; sourceTree = "<group>"; };
		6F8925DB1F1B142300256093 /* DLYPopupMenuPath.h */ = {isa = PBXFileReference; fileEncoding = 4; lastKnownFileType = sourcecode.c.h; path = DLYPopupMenuPath.h; sourceTree = "<group>"; };
		6F8925DC1F1B142300256093 /* DLYPopupMenuPath.m */ = {isa = PBXFileReference; fileEncoding = 4; lastKnownFileType = sourcecode.c.objc; path = DLYPopupMenuPath.m; sourceTree = "<group>"; };
		6F8925DD1F1B142300256093 /* DLYRectConst.h */ = {isa = PBXFileReference; fileEncoding = 4; lastKnownFileType = sourcecode.c.h; path = DLYRectConst.h; sourceTree = "<group>"; };
		6F8925DE1F1B142300256093 /* DLYRectConst.m */ = {isa = PBXFileReference; fileEncoding = 4; lastKnownFileType = sourcecode.c.objc; path = DLYRectConst.m; sourceTree = "<group>"; };
		6FA74E851F5E48B800114C93 /* DLYTitleView.h */ = {isa = PBXFileReference; fileEncoding = 4; lastKnownFileType = sourcecode.c.h; path = DLYTitleView.h; sourceTree = "<group>"; };
		6FA74E861F5E48B800114C93 /* DLYTitleView.m */ = {isa = PBXFileReference; fileEncoding = 4; lastKnownFileType = sourcecode.c.objc; path = DLYTitleView.m; sourceTree = "<group>"; };
		6FD13ABC1F5FDAF4000B72FC /* DLYAnimationViewController.h */ = {isa = PBXFileReference; fileEncoding = 4; lastKnownFileType = sourcecode.c.h; path = DLYAnimationViewController.h; sourceTree = "<group>"; };
		6FD13ABD1F5FDAF4000B72FC /* DLYAnimationViewController.m */ = {isa = PBXFileReference; fileEncoding = 4; lastKnownFileType = sourcecode.c.objc; path = DLYAnimationViewController.m; sourceTree = "<group>"; };
		6FD13AC21F60EC02000B72FC /* DLYIndicatorView.h */ = {isa = PBXFileReference; fileEncoding = 4; lastKnownFileType = sourcecode.c.h; path = DLYIndicatorView.h; sourceTree = "<group>"; };
		6FD13AC31F60EC02000B72FC /* DLYIndicatorView.m */ = {isa = PBXFileReference; fileEncoding = 4; lastKnownFileType = sourcecode.c.objc; path = DLYIndicatorView.m; sourceTree = "<group>"; };
		7E6CECB0326EA6C818C5A4ED /* Pods-OneMinute.debug.xcconfig */ = {isa = PBXFileReference; includeInIndex = 1; lastKnownFileType = text.xcconfig; name = "Pods-OneMinute.debug.xcconfig"; path = "Pods/Target Support Files/Pods-OneMinute/Pods-OneMinute.debug.xcconfig"; sourceTree = "<group>"; };
		98DBC5BCCC8288A2A795F99B /* libPods-OneMinute.a */ = {isa = PBXFileReference; explicitFileType = archive.ar; includeInIndex = 0; path = "libPods-OneMinute.a"; sourceTree = BUILT_PRODUCTS_DIR; };
		AD038C961F7293C50002C092 /* zh-Hans */ = {isa = PBXFileReference; lastKnownFileType = text.plist.strings; name = "zh-Hans"; path = "zh-Hans.lproj/Main.strings"; sourceTree = "<group>"; };
		AD038C971F7293C50002C092 /* zh-Hans */ = {isa = PBXFileReference; lastKnownFileType = text.plist.strings; name = "zh-Hans"; path = "zh-Hans.lproj/LaunchScreen.strings"; sourceTree = "<group>"; };
		AD038C9B1F7293F10002C092 /* zh-Hans */ = {isa = PBXFileReference; lastKnownFileType = text.plist.strings; name = "zh-Hans"; path = "zh-Hans.lproj/InfoPlist.strings"; sourceTree = "<group>"; };
		AD038C9D1F7293F30002C092 /* en */ = {isa = PBXFileReference; lastKnownFileType = text.plist.strings; name = en; path = en.lproj/InfoPlist.strings; sourceTree = "<group>"; };
		AD13AC361F35A51A00B2B8F3 /* ALAssetsLibrary+CustomPhotoAlbum.h */ = {isa = PBXFileReference; fileEncoding = 4; lastKnownFileType = sourcecode.c.h; path = "ALAssetsLibrary+CustomPhotoAlbum.h"; sourceTree = "<group>"; };
		AD13AC371F35A51A00B2B8F3 /* ALAssetsLibrary+CustomPhotoAlbum.m */ = {isa = PBXFileReference; fileEncoding = 4; lastKnownFileType = sourcecode.c.objc; path = "ALAssetsLibrary+CustomPhotoAlbum.m"; sourceTree = "<group>"; };
		AD14ED451F9E0ABD000DB796 /* templateList_v1.plist */ = {isa = PBXFileReference; fileEncoding = 4; lastKnownFileType = text.plist.xml; path = templateList_v1.plist; sourceTree = "<group>"; };
		AD26F1A61F53E6DE00565E27 /* DLYAVEngine.h */ = {isa = PBXFileReference; fileEncoding = 4; lastKnownFileType = sourcecode.c.h; path = DLYAVEngine.h; sourceTree = "<group>"; };
		AD26F1A71F53E6DE00565E27 /* DLYAVEngine.m */ = {isa = PBXFileReference; fileEncoding = 4; lastKnownFileType = sourcecode.c.objc; path = DLYAVEngine.m; sourceTree = "<group>"; };
		AD26F1A91F53E70A00565E27 /* DLYRecordViewController.m */ = {isa = PBXFileReference; fileEncoding = 4; lastKnownFileType = sourcecode.c.objc; path = DLYRecordViewController.m; sourceTree = "<group>"; };
		AD5B80B01F3443080094922B /* UIColor+Hex.h */ = {isa = PBXFileReference; fileEncoding = 4; lastKnownFileType = sourcecode.c.h; path = "UIColor+Hex.h"; sourceTree = "<group>"; };
		AD5B80B11F3443080094922B /* UIColor+Hex.m */ = {isa = PBXFileReference; fileEncoding = 4; lastKnownFileType = sourcecode.c.objc; path = "UIColor+Hex.m"; sourceTree = "<group>"; };
		AD7608E91F70C07F00556E20 /* NSObject+JSONCategories.h */ = {isa = PBXFileReference; fileEncoding = 4; lastKnownFileType = sourcecode.c.h; path = "NSObject+JSONCategories.h"; sourceTree = "<group>"; };
		AD7608EA1F70C07F00556E20 /* NSObject+JSONCategories.m */ = {isa = PBXFileReference; fileEncoding = 4; lastKnownFileType = sourcecode.c.objc; path = "NSObject+JSONCategories.m"; sourceTree = "<group>"; };
		AD7608EB1F70C07F00556E20 /* UIButton+LargerHitArea.h */ = {isa = PBXFileReference; fileEncoding = 4; lastKnownFileType = sourcecode.c.h; path = "UIButton+LargerHitArea.h"; sourceTree = "<group>"; };
		AD7608EC1F70C07F00556E20 /* UIButton+LargerHitArea.m */ = {isa = PBXFileReference; fileEncoding = 4; lastKnownFileType = sourcecode.c.objc; path = "UIButton+LargerHitArea.m"; sourceTree = "<group>"; };
		AD7608ED1F70C07F00556E20 /* UIImage+iconfont.h */ = {isa = PBXFileReference; fileEncoding = 4; lastKnownFileType = sourcecode.c.h; path = "UIImage+iconfont.h"; sourceTree = "<group>"; };
		AD7608EE1F70C07F00556E20 /* UIImage+iconfont.m */ = {isa = PBXFileReference; fileEncoding = 4; lastKnownFileType = sourcecode.c.objc; path = "UIImage+iconfont.m"; sourceTree = "<group>"; };
		AD7608EF1F70C07F00556E20 /* UIView+Extension.h */ = {isa = PBXFileReference; fileEncoding = 4; lastKnownFileType = sourcecode.c.h; path = "UIView+Extension.h"; sourceTree = "<group>"; };
		AD7608F01F70C07F00556E20 /* UIView+Extension.m */ = {isa = PBXFileReference; fileEncoding = 4; lastKnownFileType = sourcecode.c.objc; path = "UIView+Extension.m"; sourceTree = "<group>"; };
		AD7608F11F70C07F00556E20 /* UIView+Utility.h */ = {isa = PBXFileReference; fileEncoding = 4; lastKnownFileType = sourcecode.c.h; path = "UIView+Utility.h"; sourceTree = "<group>"; };
		AD7608F21F70C07F00556E20 /* UIView+Utility.m */ = {isa = PBXFileReference; fileEncoding = 4; lastKnownFileType = sourcecode.c.objc; path = "UIView+Utility.m"; sourceTree = "<group>"; };
		AD849F421F72019900B1E08F /* DLYConstants.h */ = {isa = PBXFileReference; fileEncoding = 4; lastKnownFileType = sourcecode.c.h; path = DLYConstants.h; sourceTree = "<group>"; };
		AD849F431F72019900B1E08F /* DLYConstants.m */ = {isa = PBXFileReference; fileEncoding = 4; lastKnownFileType = sourcecode.c.objc; path = DLYConstants.m; sourceTree = "<group>"; };
		AD849F451F72021200B1E08F /* DLYPublicMacros.h */ = {isa = PBXFileReference; lastKnownFileType = sourcecode.c.h; path = DLYPublicMacros.h; sourceTree = "<group>"; };
		ADA370971F2D11500082AEC6 /* DLYRecordViewController.h */ = {isa = PBXFileReference; fileEncoding = 4; lastKnownFileType = sourcecode.c.h; path = DLYRecordViewController.h; sourceTree = "<group>"; };
		ADA3709A1F2D11780082AEC6 /* DLYResource.h */ = {isa = PBXFileReference; fileEncoding = 4; lastKnownFileType = sourcecode.c.h; path = DLYResource.h; sourceTree = "<group>"; };
		ADA3709B1F2D11780082AEC6 /* DLYResource.m */ = {isa = PBXFileReference; fileEncoding = 4; lastKnownFileType = sourcecode.c.objc; path = DLYResource.m; sourceTree = "<group>"; };
		ADC9ABFC1F9F0B3F00467586 /* BigMeal.dly */ = {isa = PBXFileReference; lastKnownFileType = file; path = BigMeal.dly; sourceTree = "<group>"; };
		ADC9ABFD1F9F0B3F00467586 /* ColorfulLife.dly */ = {isa = PBXFileReference; lastKnownFileType = file; path = ColorfulLife.dly; sourceTree = "<group>"; };
		ADC9ABFE1F9F0B4000467586 /* GoNorth.dly */ = {isa = PBXFileReference; lastKnownFileType = file; path = GoNorth.dly; sourceTree = "<group>"; };
		ADC9ABFF1F9F0B4000467586 /* AfternoonTea.dly */ = {isa = PBXFileReference; lastKnownFileType = file; path = AfternoonTea.dly; sourceTree = "<group>"; };
		ADC9AC001F9F0B4000467586 /* MyMaldives.dly */ = {isa = PBXFileReference; lastKnownFileType = file; path = MyMaldives.dly; sourceTree = "<group>"; };
		ADC9AC011F9F0B4000467586 /* SoDelicious.dly */ = {isa = PBXFileReference; lastKnownFileType = file; path = SoDelicious.dly; sourceTree = "<group>"; };
		ADC9AC021F9F0B4000467586 /* YoungOuting.dly */ = {isa = PBXFileReference; lastKnownFileType = file; path = YoungOuting.dly; sourceTree = "<group>"; };
		ADC9AC031F9F0B4000467586 /* Primary.dly */ = {isa = PBXFileReference; lastKnownFileType = file; path = Primary.dly; sourceTree = "<group>"; };
		ADC9AC041F9F0B4000467586 /* Advanced.dly */ = {isa = PBXFileReference; lastKnownFileType = file; path = Advanced.dly; sourceTree = "<group>"; };
		ADC9AC051F9F0B4000467586 /* SunSetBeach.dly */ = {isa = PBXFileReference; lastKnownFileType = file; path = SunSetBeach.dly; sourceTree = "<group>"; };
		ADC9AC061F9F0B4000467586 /* Secondary.dly */ = {isa = PBXFileReference; lastKnownFileType = file; path = Secondary.dly; sourceTree = "<group>"; };
		ADC9AC071F9F0B4000467586 /* SpiritTerritory.dly */ = {isa = PBXFileReference; lastKnownFileType = file; path = SpiritTerritory.dly; sourceTree = "<group>"; };
		ADD0E7D21F2D9F3500996BD6 /* UIImage+Extension.h */ = {isa = PBXFileReference; fileEncoding = 4; lastKnownFileType = sourcecode.c.h; path = "UIImage+Extension.h"; sourceTree = "<group>"; };
		ADD0E7D31F2D9F3500996BD6 /* UIImage+Extension.m */ = {isa = PBXFileReference; fileEncoding = 4; lastKnownFileType = sourcecode.c.objc; path = "UIImage+Extension.m"; sourceTree = "<group>"; };
		ADF072841F9F97B0003088AE /* AfternoonTeaBGM.m4a */ = {isa = PBXFileReference; lastKnownFileType = file; path = AfternoonTeaBGM.m4a; sourceTree = "<group>"; };
		ADF072851F9F97B0003088AE /* GoNorthBGM.m4a */ = {isa = PBXFileReference; lastKnownFileType = file; path = GoNorthBGM.m4a; sourceTree = "<group>"; };
		ADF072861F9F97B0003088AE /* MyMaldivesBGM.m4a */ = {isa = PBXFileReference; lastKnownFileType = file; path = MyMaldivesBGM.m4a; sourceTree = "<group>"; };
		ADF072871F9F97B1003088AE /* SecondaryBGM.m4a */ = {isa = PBXFileReference; lastKnownFileType = file; path = SecondaryBGM.m4a; sourceTree = "<group>"; };
		ADF072881F9F97B1003088AE /* PrimaryBGM.m4a */ = {isa = PBXFileReference; lastKnownFileType = file; path = PrimaryBGM.m4a; sourceTree = "<group>"; };
		ADF072891F9F97B1003088AE /* SoDeliciousBGM.m4a */ = {isa = PBXFileReference; lastKnownFileType = file; path = SoDeliciousBGM.m4a; sourceTree = "<group>"; };
		ADF0728A1F9F97B1003088AE /* AdvancedBGM.m4a */ = {isa = PBXFileReference; lastKnownFileType = file; path = AdvancedBGM.m4a; sourceTree = "<group>"; };
		ADF0728B1F9F97B2003088AE /* SpiritTerritoryBGM.m4a */ = {isa = PBXFileReference; lastKnownFileType = file; path = SpiritTerritoryBGM.m4a; sourceTree = "<group>"; };
		ADF0728C1F9F97B2003088AE /* SunSetBeachBGM.m4a */ = {isa = PBXFileReference; lastKnownFileType = file; path = SunSetBeachBGM.m4a; sourceTree = "<group>"; };
		ADF0728D1F9F97B2003088AE /* YoungOutingBGM.m4a */ = {isa = PBXFileReference; lastKnownFileType = file; path = YoungOutingBGM.m4a; sourceTree = "<group>"; };
		ADF0728E1F9F97B2003088AE /* ColorfulLifeBGM.m4a */ = {isa = PBXFileReference; lastKnownFileType = file; path = ColorfulLifeBGM.m4a; sourceTree = "<group>"; };
		ADF0728F1F9F97B2003088AE /* BigMealBGM.m4a */ = {isa = PBXFileReference; lastKnownFileType = file; path = BigMealBGM.m4a; sourceTree = "<group>"; };
		ADF0729C1FA03C8D003088AE /* DLYRecordTimer.h */ = {isa = PBXFileReference; lastKnownFileType = sourcecode.c.h; path = DLYRecordTimer.h; sourceTree = "<group>"; };
		ADF0729D1FA03C8D003088AE /* DLYRecordTimer.m */ = {isa = PBXFileReference; lastKnownFileType = sourcecode.c.objc; path = DLYRecordTimer.m; sourceTree = "<group>"; };
		ADFFF1811F18A33000FB5BF7 /* DLYMobileDevice.h */ = {isa = PBXFileReference; fileEncoding = 4; lastKnownFileType = sourcecode.c.h; path = DLYMobileDevice.h; sourceTree = "<group>"; };
		ADFFF1821F18A33000FB5BF7 /* DLYMobileDevice.m */ = {isa = PBXFileReference; fileEncoding = 4; lastKnownFileType = sourcecode.c.objc; path = DLYMobileDevice.m; sourceTree = "<group>"; };
		ADFFF1831F18A33000FB5BF7 /* DLYVolumeAutomation.h */ = {isa = PBXFileReference; fileEncoding = 4; lastKnownFileType = sourcecode.c.h; path = DLYVolumeAutomation.h; sourceTree = "<group>"; };
		ADFFF1841F18A33000FB5BF7 /* DLYVolumeAutomation.m */ = {isa = PBXFileReference; fileEncoding = 4; lastKnownFileType = sourcecode.c.objc; path = DLYVolumeAutomation.m; sourceTree = "<group>"; };
		ADFFF1871F18A33000FB5BF7 /* DLYMiniVlogDraft.h */ = {isa = PBXFileReference; fileEncoding = 4; lastKnownFileType = sourcecode.c.h; path = DLYMiniVlogDraft.h; sourceTree = "<group>"; };
		ADFFF1881F18A33000FB5BF7 /* DLYMiniVlogDraft.m */ = {isa = PBXFileReference; fileEncoding = 4; lastKnownFileType = sourcecode.c.objc; path = DLYMiniVlogDraft.m; sourceTree = "<group>"; };
		ADFFF1891F18A33000FB5BF7 /* DLYMiniVlogPart.h */ = {isa = PBXFileReference; fileEncoding = 4; lastKnownFileType = sourcecode.c.h; path = DLYMiniVlogPart.h; sourceTree = "<group>"; };
		ADFFF18A1F18A33000FB5BF7 /* DLYMiniVlogPart.m */ = {isa = PBXFileReference; fileEncoding = 4; lastKnownFileType = sourcecode.c.objc; path = DLYMiniVlogPart.m; sourceTree = "<group>"; };
		ADFFF18B1F18A33000FB5BF7 /* DLYMiniVlogProduct.h */ = {isa = PBXFileReference; fileEncoding = 4; lastKnownFileType = sourcecode.c.h; path = DLYMiniVlogProduct.h; sourceTree = "<group>"; };
		ADFFF18C1F18A33000FB5BF7 /* DLYMiniVlogProduct.m */ = {isa = PBXFileReference; fileEncoding = 4; lastKnownFileType = sourcecode.c.objc; path = DLYMiniVlogProduct.m; sourceTree = "<group>"; };
		ADFFF18D1F18A33000FB5BF7 /* DLYMiniVlogTemplate.h */ = {isa = PBXFileReference; fileEncoding = 4; lastKnownFileType = sourcecode.c.h; path = DLYMiniVlogTemplate.h; sourceTree = "<group>"; };
		ADFFF18E1F18A33000FB5BF7 /* DLYMiniVlogTemplate.m */ = {isa = PBXFileReference; fileEncoding = 4; lastKnownFileType = sourcecode.c.objc; path = DLYMiniVlogTemplate.m; sourceTree = "<group>"; };
		ADFFF1951F18A33000FB5BF7 /* DLYSession.h */ = {isa = PBXFileReference; fileEncoding = 4; lastKnownFileType = sourcecode.c.h; path = DLYSession.h; sourceTree = "<group>"; };
		ADFFF1961F18A33000FB5BF7 /* DLYSession.m */ = {isa = PBXFileReference; fileEncoding = 4; lastKnownFileType = sourcecode.c.objc; path = DLYSession.m; sourceTree = "<group>"; };
		ADFFF1A51F18A36700FB5BF7 /* DLYPrefixHeader.pch */ = {isa = PBXFileReference; fileEncoding = 4; lastKnownFileType = sourcecode.c.h; path = DLYPrefixHeader.pch; sourceTree = "<group>"; };
		ADFFF1A61F18BFAC00FB5BF7 /* DLYTransitionComposition.h */ = {isa = PBXFileReference; fileEncoding = 4; lastKnownFileType = sourcecode.c.h; path = DLYTransitionComposition.h; sourceTree = "<group>"; };
		ADFFF1A71F18BFAC00FB5BF7 /* DLYTransitionComposition.m */ = {isa = PBXFileReference; fileEncoding = 4; lastKnownFileType = sourcecode.c.objc; path = DLYTransitionComposition.m; sourceTree = "<group>"; };
		ADFFF1A91F18C00200FB5BF7 /* DLYTransitionInstructions.h */ = {isa = PBXFileReference; fileEncoding = 4; lastKnownFileType = sourcecode.c.h; path = DLYTransitionInstructions.h; sourceTree = "<group>"; };
		ADFFF1AA1F18C00200FB5BF7 /* DLYTransitionInstructions.m */ = {isa = PBXFileReference; fileEncoding = 4; lastKnownFileType = sourcecode.c.objc; path = DLYTransitionInstructions.m; sourceTree = "<group>"; };
		ADFFF1AC1F18C04400FB5BF7 /* DLYVideoTransition.h */ = {isa = PBXFileReference; fileEncoding = 4; lastKnownFileType = sourcecode.c.h; path = DLYVideoTransition.h; sourceTree = "<group>"; };
		ADFFF1AD1F18C04400FB5BF7 /* DLYVideoTransition.m */ = {isa = PBXFileReference; fileEncoding = 4; lastKnownFileType = sourcecode.c.objc; path = DLYVideoTransition.m; sourceTree = "<group>"; };
		FC05C70FE4A35674CFB74552 /* Pods-OneMinute.release.xcconfig */ = {isa = PBXFileReference; includeInIndex = 1; lastKnownFileType = text.xcconfig; name = "Pods-OneMinute.release.xcconfig"; path = "Pods/Target Support Files/Pods-OneMinute/Pods-OneMinute.release.xcconfig"; sourceTree = "<group>"; };
/* End PBXFileReference section */

/* Begin PBXFrameworksBuildPhase section */
		1C7E617C1EE7DF4F0088F33F /* Frameworks */ = {
			isa = PBXFrameworksBuildPhase;
			buildActionMask = 2147483647;
			files = (
				6F07B8FFA11D613AD0C6371B /* libPods-OneMinute.a in Frameworks */,
			);
			runOnlyForDeploymentPostprocessing = 0;
		};
		1C7E61951EE7DF4F0088F33F /* Frameworks */ = {
			isa = PBXFrameworksBuildPhase;
			buildActionMask = 2147483647;
			files = (
			);
			runOnlyForDeploymentPostprocessing = 0;
		};
		1C7E61A01EE7DF4F0088F33F /* Frameworks */ = {
			isa = PBXFrameworksBuildPhase;
			buildActionMask = 2147483647;
			files = (
			);
			runOnlyForDeploymentPostprocessing = 0;
		};
/* End PBXFrameworksBuildPhase section */

/* Begin PBXGroup section */
		1C2CA0151F10A4E50085B662 /* GUI */ = {
			isa = PBXGroup;
			children = (
				6F8925CE1F1B13E200256093 /* Tool */,
				6F8925C71F1B13BD00256093 /* BaseController */,
				6F8925C31F1B13A700256093 /* LaunchPlayerController */,
				6F8925B01F1B136200256093 /* RecordController */,
				6F8925AC1F1B134400256093 /* PlayVideoController */,
				6F8925991F1B128F00256093 /* ExportController */,
			);
			name = GUI;
			sourceTree = "<group>";
		};
		1C2CA0171F10A5050085B662 /* UserTrack */ = {
			isa = PBXGroup;
			children = (
				6F81E7BB1F985564008A2FC9 /* DLYUserTrack.h */,
				6F81E7BC1F985564008A2FC9 /* DLYUserTrack.m */,
			);
			name = UserTrack;
			sourceTree = "<group>";
		};
		1C7E61761EE7DF4F0088F33F = {
			isa = PBXGroup;
			children = (
				1C7E61811EE7DF4F0088F33F /* OneMinute */,
				1C7E619B1EE7DF4F0088F33F /* OneMinuteTests */,
				1C7E61A61EE7DF4F0088F33F /* OneMinuteUITests */,
				1C7E61801EE7DF4F0088F33F /* Products */,
				4312C9369F29308C490B4284 /* Pods */,
				5FEBA52BCEB5FEC50E919499 /* Frameworks */,
			);
			sourceTree = "<group>";
		};
		1C7E61801EE7DF4F0088F33F /* Products */ = {
			isa = PBXGroup;
			children = (
				1C7E617F1EE7DF4F0088F33F /* OneMinute.app */,
				1C7E61981EE7DF4F0088F33F /* OneMinuteTests.xctest */,
				1C7E61A31EE7DF4F0088F33F /* OneMinuteUITests.xctest */,
			);
			name = Products;
			sourceTree = "<group>";
		};
		1C7E61811EE7DF4F0088F33F /* OneMinute */ = {
			isa = PBXGroup;
			children = (
				6F12AE671F3DB73B00CE8CB6 /* DownLoader */,
				ADD0E7CE1F2D9EBA00996BD6 /* Category */,
				ADFFF17C1F18A33000FB5BF7 /* AVEngine */,
				ADFFF1851F18A33000FB5BF7 /* Data */,
				ADFFF1911F18A33000FB5BF7 /* Resource */,
				ADFFF1941F18A33000FB5BF7 /* Session */,
				1C7E61B51EE7E47C0088F33F /* Common */,
				1C2CA0171F10A5050085B662 /* UserTrack */,
				1C2CA0151F10A4E50085B662 /* GUI */,
				1C7E61C01EE7E6640088F33F /* Log */,
				1C7E61851EE7DF4F0088F33F /* AppDelegate.h */,
				1C7E61861EE7DF4F0088F33F /* AppDelegate.m */,
				1C7E61881EE7DF4F0088F33F /* ViewController.h */,
				1C7E61891EE7DF4F0088F33F /* ViewController.m */,
				1C7E618B1EE7DF4F0088F33F /* Main.storyboard */,
				1C7E618E1EE7DF4F0088F33F /* Assets.xcassets */,
				1C7E61901EE7DF4F0088F33F /* LaunchScreen.storyboard */,
				AD038C9C1F7293F10002C092 /* InfoPlist.strings */,
				1C7E61931EE7DF4F0088F33F /* Info.plist */,
				1C7E61821EE7DF4F0088F33F /* Supporting Files */,
			);
			path = OneMinute;
			sourceTree = "<group>";
		};
		1C7E61821EE7DF4F0088F33F /* Supporting Files */ = {
			isa = PBXGroup;
			children = (
				6F32F7A61F99A57D004C4553 /* iconfont.ttf */,
				6F643AF31F97583E001FDA76 /* PromoteVideo.mp4 */,
				ADFFF1A51F18A36700FB5BF7 /* DLYPrefixHeader.pch */,
				1C7E61831EE7DF4F0088F33F /* main.m */,
			);
			name = "Supporting Files";
			sourceTree = "<group>";
		};
		1C7E619B1EE7DF4F0088F33F /* OneMinuteTests */ = {
			isa = PBXGroup;
			children = (
				1C7E619C1EE7DF4F0088F33F /* OneMinuteTests.m */,
				1C7E619E1EE7DF4F0088F33F /* Info.plist */,
			);
			path = OneMinuteTests;
			sourceTree = "<group>";
		};
		1C7E61A61EE7DF4F0088F33F /* OneMinuteUITests */ = {
			isa = PBXGroup;
			children = (
				1C7E61A71EE7DF4F0088F33F /* OneMinuteUITests.m */,
				1C7E61A91EE7DF4F0088F33F /* Info.plist */,
			);
			path = OneMinuteUITests;
			sourceTree = "<group>";
		};
		1C7E61B51EE7E47C0088F33F /* Common */ = {
			isa = PBXGroup;
			children = (
				AD849F421F72019900B1E08F /* DLYConstants.h */,
				AD849F431F72019900B1E08F /* DLYConstants.m */,
				AD849F451F72021200B1E08F /* DLYPublicMacros.h */,
				1C7E61B61EE7E4AC0088F33F /* DLYAsyncQueue.h */,
				1C7E61B71EE7E4AC0088F33F /* DLYAsyncQueue.m */,
				1C7E61B81EE7E4AC0088F33F /* DLYModule.h */,
				1C7E61B91EE7E4AC0088F33F /* DLYModule.m */,
				1C7E61BA1EE7E4AC0088F33F /* DLYModuleManager.h */,
				1C7E61BB1EE7E4AC0088F33F /* DLYModuleManager.m */,
				1C7E61BC1EE7E4AC0088F33F /* DLYSharedInstance.h */,
			);
			name = Common;
			sourceTree = "<group>";
		};
		1C7E61C01EE7E6640088F33F /* Log */ = {
			isa = PBXGroup;
			children = (
				1C7E61C11EE7E6730088F33F /* DLYLogModule.h */,
				1C7E61C21EE7E6730088F33F /* DLYLogModule.m */,
			);
			name = Log;
			sourceTree = "<group>";
		};
		4312C9369F29308C490B4284 /* Pods */ = {
			isa = PBXGroup;
			children = (
				7E6CECB0326EA6C818C5A4ED /* Pods-OneMinute.debug.xcconfig */,
				FC05C70FE4A35674CFB74552 /* Pods-OneMinute.release.xcconfig */,
			);
			name = Pods;
			sourceTree = "<group>";
		};
		5FEBA52BCEB5FEC50E919499 /* Frameworks */ = {
			isa = PBXGroup;
			children = (
				98DBC5BCCC8288A2A795F99B /* libPods-OneMinute.a */,
			);
			name = Frameworks;
			sourceTree = "<group>";
		};
		6F12AE671F3DB73B00CE8CB6 /* DownLoader */ = {
			isa = PBXGroup;
			children = (
				6F12AE681F3DB78300CE8CB6 /* DLYDownloader.h */,
				6F12AE691F3DB78300CE8CB6 /* DLYDownloader.m */,
				6F12AE6A1F3DB78300CE8CB6 /* DLYDownloadManager.h */,
				6F12AE6B1F3DB78300CE8CB6 /* DLYDownloadManager.m */,
			);
			name = DownLoader;
			sourceTree = "<group>";
		};
		6F5E5D261F1EF7A700D857C9 /* RecordView */ = {
			isa = PBXGroup;
			children = (
			);
			name = RecordView;
			sourceTree = "<group>";
		};
		6F8925991F1B128F00256093 /* ExportController */ = {
			isa = PBXGroup;
			children = (
				6F89259A1F1B12A100256093 /* DLYExportViewController.h */,
				6F89259B1F1B12A100256093 /* DLYExportViewController.m */,
			);
			name = ExportController;
			sourceTree = "<group>";
		};
		6F8925AC1F1B134400256093 /* PlayVideoController */ = {
			isa = PBXGroup;
			children = (
				6F8925AD1F1B135100256093 /* DLYPlayVideoViewController.h */,
				6F8925AE1F1B135100256093 /* DLYPlayVideoViewController.m */,
			);
			name = PlayVideoController;
			sourceTree = "<group>";
		};
		6F8925B01F1B136200256093 /* RecordController */ = {
			isa = PBXGroup;
			children = (
				ADA370971F2D11500082AEC6 /* DLYRecordViewController.h */,
				AD26F1A91F53E70A00565E27 /* DLYRecordViewController.m */,
				6F5E5D261F1EF7A700D857C9 /* RecordView */,
			);
			name = RecordController;
			sourceTree = "<group>";
		};
		6F8925C31F1B13A700256093 /* LaunchPlayerController */ = {
			isa = PBXGroup;
			children = (
				6F8925C41F1B13B400256093 /* DLYLaunchPlayerViewController.h */,
				6F8925C51F1B13B400256093 /* DLYLaunchPlayerViewController.m */,
				6FD13ABC1F5FDAF4000B72FC /* DLYAnimationViewController.h */,
				6FD13ABD1F5FDAF4000B72FC /* DLYAnimationViewController.m */,
			);
			name = LaunchPlayerController;
			sourceTree = "<group>";
		};
		6F8925C71F1B13BD00256093 /* BaseController */ = {
			isa = PBXGroup;
			children = (
				6F8925C81F1B13CA00256093 /* DLYBaseNavigationController.h */,
				6F8925C91F1B13CA00256093 /* DLYBaseNavigationController.m */,
				6F8925CA1F1B13CA00256093 /* DLYBaseViewController.h */,
				6F8925CB1F1B13CA00256093 /* DLYBaseViewController.m */,
			);
			name = BaseController;
			sourceTree = "<group>";
		};
		6F8925CE1F1B13E200256093 /* Tool */ = {
			isa = PBXGroup;
			children = (
				6F8925D81F1B141200256093 /* PopupMenu */,
				6F8925CF1F1B13FF00256093 /* DLYAnnularProgress.h */,
				6F8925D01F1B13FF00256093 /* DLYAnnularProgress.m */,
				6F8925D11F1B13FF00256093 /* DLYAlertView.h */,
				6F8925D21F1B13FF00256093 /* DLYAlertView.m */,
				6FA74E851F5E48B800114C93 /* DLYTitleView.h */,
				6FA74E861F5E48B800114C93 /* DLYTitleView.m */,
				6FD13AC21F60EC02000B72FC /* DLYIndicatorView.h */,
				6FD13AC31F60EC02000B72FC /* DLYIndicatorView.m */,
			);
			name = Tool;
			sourceTree = "<group>";
		};
		6F8925D81F1B141200256093 /* PopupMenu */ = {
			isa = PBXGroup;
			children = (
				6F8925D91F1B142300256093 /* DLYPopupMenu.h */,
				6F8925DA1F1B142300256093 /* DLYPopupMenu.m */,
				6F8925DB1F1B142300256093 /* DLYPopupMenuPath.h */,
				6F8925DC1F1B142300256093 /* DLYPopupMenuPath.m */,
				6F8925DD1F1B142300256093 /* DLYRectConst.h */,
				6F8925DE1F1B142300256093 /* DLYRectConst.m */,
			);
			name = PopupMenu;
			sourceTree = "<group>";
		};
		AD14EC881F9DF0E9000DB796 /* templates */ = {
			isa = PBXGroup;
			children = (
				ADC9AC041F9F0B4000467586 /* Advanced.dly */,
				ADC9ABFF1F9F0B4000467586 /* AfternoonTea.dly */,
				ADC9ABFC1F9F0B3F00467586 /* BigMeal.dly */,
				ADC9ABFD1F9F0B3F00467586 /* ColorfulLife.dly */,
				ADC9ABFE1F9F0B4000467586 /* GoNorth.dly */,
				ADC9AC001F9F0B4000467586 /* MyMaldives.dly */,
				ADC9AC031F9F0B4000467586 /* Primary.dly */,
				ADC9AC061F9F0B4000467586 /* Secondary.dly */,
				ADC9AC011F9F0B4000467586 /* SoDelicious.dly */,
				ADC9AC071F9F0B4000467586 /* SpiritTerritory.dly */,
				ADC9AC051F9F0B4000467586 /* SunSetBeach.dly */,
				ADC9AC021F9F0B4000467586 /* YoungOuting.dly */,
			);
			path = templates;
			sourceTree = "<group>";
		};
		AD887A661F7661FB00A85881 /* BGM */ = {
			isa = PBXGroup;
			children = (
				ADF0728A1F9F97B1003088AE /* AdvancedBGM.m4a */,
				ADF072841F9F97B0003088AE /* AfternoonTeaBGM.m4a */,
				ADF0728F1F9F97B2003088AE /* BigMealBGM.m4a */,
				ADF0728E1F9F97B2003088AE /* ColorfulLifeBGM.m4a */,
				ADF072851F9F97B0003088AE /* GoNorthBGM.m4a */,
				ADF072861F9F97B0003088AE /* MyMaldivesBGM.m4a */,
				ADF072881F9F97B1003088AE /* PrimaryBGM.m4a */,
				ADF072871F9F97B1003088AE /* SecondaryBGM.m4a */,
				ADF072891F9F97B1003088AE /* SoDeliciousBGM.m4a */,
				ADF0728B1F9F97B2003088AE /* SpiritTerritoryBGM.m4a */,
				ADF0728C1F9F97B2003088AE /* SunSetBeachBGM.m4a */,
				ADF0728D1F9F97B2003088AE /* YoungOutingBGM.m4a */,
			);
			path = BGM;
			sourceTree = "<group>";
		};
		ADA7C2881F2203500002A4E5 /* resources */ = {
			isa = PBXGroup;
			children = (
				AD887A661F7661FB00A85881 /* BGM */,
			);
			path = resources;
			sourceTree = "<group>";
		};
		ADD0E7CE1F2D9EBA00996BD6 /* Category */ = {
			isa = PBXGroup;
			children = (
				AD7608E91F70C07F00556E20 /* NSObject+JSONCategories.h */,
				AD7608EA1F70C07F00556E20 /* NSObject+JSONCategories.m */,
				AD7608EB1F70C07F00556E20 /* UIButton+LargerHitArea.h */,
				AD7608EC1F70C07F00556E20 /* UIButton+LargerHitArea.m */,
				AD7608ED1F70C07F00556E20 /* UIImage+iconfont.h */,
				AD7608EE1F70C07F00556E20 /* UIImage+iconfont.m */,
				AD7608EF1F70C07F00556E20 /* UIView+Extension.h */,
				AD7608F01F70C07F00556E20 /* UIView+Extension.m */,
				AD7608F11F70C07F00556E20 /* UIView+Utility.h */,
				AD7608F21F70C07F00556E20 /* UIView+Utility.m */,
				ADD0E7D21F2D9F3500996BD6 /* UIImage+Extension.h */,
				ADD0E7D31F2D9F3500996BD6 /* UIImage+Extension.m */,
				AD5B80B01F3443080094922B /* UIColor+Hex.h */,
				AD5B80B11F3443080094922B /* UIColor+Hex.m */,
				AD13AC361F35A51A00B2B8F3 /* ALAssetsLibrary+CustomPhotoAlbum.h */,
				AD13AC371F35A51A00B2B8F3 /* ALAssetsLibrary+CustomPhotoAlbum.m */,
			);
			path = Category;
			sourceTree = "<group>";
		};
		ADFFF17C1F18A33000FB5BF7 /* AVEngine */ = {
			isa = PBXGroup;
			children = (
				AD26F1A61F53E6DE00565E27 /* DLYAVEngine.h */,
				AD26F1A71F53E6DE00565E27 /* DLYAVEngine.m */,
				ADFFF1811F18A33000FB5BF7 /* DLYMobileDevice.h */,
				ADFFF1821F18A33000FB5BF7 /* DLYMobileDevice.m */,
				ADFFF1831F18A33000FB5BF7 /* DLYVolumeAutomation.h */,
				ADFFF1841F18A33000FB5BF7 /* DLYVolumeAutomation.m */,
				ADFFF1A61F18BFAC00FB5BF7 /* DLYTransitionComposition.h */,
				ADFFF1A71F18BFAC00FB5BF7 /* DLYTransitionComposition.m */,
				ADFFF1A91F18C00200FB5BF7 /* DLYTransitionInstructions.h */,
				ADFFF1AA1F18C00200FB5BF7 /* DLYTransitionInstructions.m */,
				ADFFF1AC1F18C04400FB5BF7 /* DLYVideoTransition.h */,
				ADFFF1AD1F18C04400FB5BF7 /* DLYVideoTransition.m */,
				6F806D691F7CEE7700B4EC51 /* DLYVideoFilter.h */,
				6F806D6A1F7CEE7700B4EC51 /* DLYVideoFilter.m */,
				6F7455111F7A3EDE00682FB8 /* DLYThemesData.h */,
				6F7455121F7A3EDE00682FB8 /* DLYThemesData.m */,
				ADF0729C1FA03C8D003088AE /* DLYRecordTimer.h */,
				ADF0729D1FA03C8D003088AE /* DLYRecordTimer.m */,
			);
			path = AVEngine;
			sourceTree = "<group>";
		};
		ADFFF1851F18A33000FB5BF7 /* Data */ = {
			isa = PBXGroup;
			children = (
				AD14ED451F9E0ABD000DB796 /* templateList_v1.plist */,
				AD14EC881F9DF0E9000DB796 /* templates */,
				ADFFF1861F18A33000FB5BF7 /* Models */,
			);
			path = Data;
			sourceTree = "<group>";
		};
		ADFFF1861F18A33000FB5BF7 /* Models */ = {
			isa = PBXGroup;
			children = (
				ADFFF1871F18A33000FB5BF7 /* DLYMiniVlogDraft.h */,
				ADFFF1881F18A33000FB5BF7 /* DLYMiniVlogDraft.m */,
				ADFFF1891F18A33000FB5BF7 /* DLYMiniVlogPart.h */,
				ADFFF18A1F18A33000FB5BF7 /* DLYMiniVlogPart.m */,
				ADFFF18B1F18A33000FB5BF7 /* DLYMiniVlogProduct.h */,
				ADFFF18C1F18A33000FB5BF7 /* DLYMiniVlogProduct.m */,
				ADFFF18D1F18A33000FB5BF7 /* DLYMiniVlogTemplate.h */,
				ADFFF18E1F18A33000FB5BF7 /* DLYMiniVlogTemplate.m */,
			);
			path = Models;
			sourceTree = "<group>";
		};
		ADFFF1911F18A33000FB5BF7 /* Resource */ = {
			isa = PBXGroup;
			children = (
				ADA3709A1F2D11780082AEC6 /* DLYResource.h */,
				ADA3709B1F2D11780082AEC6 /* DLYResource.m */,
				ADA7C2881F2203500002A4E5 /* resources */,
			);
			path = Resource;
			sourceTree = "<group>";
		};
		ADFFF1941F18A33000FB5BF7 /* Session */ = {
			isa = PBXGroup;
			children = (
				ADFFF1951F18A33000FB5BF7 /* DLYSession.h */,
				ADFFF1961F18A33000FB5BF7 /* DLYSession.m */,
			);
			path = Session;
			sourceTree = "<group>";
		};
/* End PBXGroup section */

/* Begin PBXNativeTarget section */
		1C7E617E1EE7DF4F0088F33F /* OneMinute */ = {
			isa = PBXNativeTarget;
			buildConfigurationList = 1C7E61AC1EE7DF4F0088F33F /* Build configuration list for PBXNativeTarget "OneMinute" */;
			buildPhases = (
				E42D6A5EE6491FE4970E630E /* [CP] Check Pods Manifest.lock */,
				1C7E617B1EE7DF4F0088F33F /* Sources */,
				1C7E617C1EE7DF4F0088F33F /* Frameworks */,
				1C7E617D1EE7DF4F0088F33F /* Resources */,
				B7B7E3E858E4E93FD9FA6273 /* [CP] Embed Pods Frameworks */,
				83550378109E7656E28B1048 /* [CP] Copy Pods Resources */,
				6F5852B31F386727009F48D1 /* ShellScript */,
			);
			buildRules = (
			);
			dependencies = (
			);
			name = OneMinute;
			productName = OneMinute;
			productReference = 1C7E617F1EE7DF4F0088F33F /* OneMinute.app */;
			productType = "com.apple.product-type.application";
		};
		1C7E61971EE7DF4F0088F33F /* OneMinuteTests */ = {
			isa = PBXNativeTarget;
			buildConfigurationList = 1C7E61AF1EE7DF4F0088F33F /* Build configuration list for PBXNativeTarget "OneMinuteTests" */;
			buildPhases = (
				1C7E61941EE7DF4F0088F33F /* Sources */,
				1C7E61951EE7DF4F0088F33F /* Frameworks */,
				1C7E61961EE7DF4F0088F33F /* Resources */,
			);
			buildRules = (
			);
			dependencies = (
				1C7E619A1EE7DF4F0088F33F /* PBXTargetDependency */,
			);
			name = OneMinuteTests;
			productName = OneMinuteTests;
			productReference = 1C7E61981EE7DF4F0088F33F /* OneMinuteTests.xctest */;
			productType = "com.apple.product-type.bundle.unit-test";
		};
		1C7E61A21EE7DF4F0088F33F /* OneMinuteUITests */ = {
			isa = PBXNativeTarget;
			buildConfigurationList = 1C7E61B21EE7DF4F0088F33F /* Build configuration list for PBXNativeTarget "OneMinuteUITests" */;
			buildPhases = (
				1C7E619F1EE7DF4F0088F33F /* Sources */,
				1C7E61A01EE7DF4F0088F33F /* Frameworks */,
				1C7E61A11EE7DF4F0088F33F /* Resources */,
			);
			buildRules = (
			);
			dependencies = (
				1C7E61A51EE7DF4F0088F33F /* PBXTargetDependency */,
			);
			name = OneMinuteUITests;
			productName = OneMinuteUITests;
			productReference = 1C7E61A31EE7DF4F0088F33F /* OneMinuteUITests.xctest */;
			productType = "com.apple.product-type.bundle.ui-testing";
		};
/* End PBXNativeTarget section */

/* Begin PBXProject section */
		1C7E61771EE7DF4F0088F33F /* Project object */ = {
			isa = PBXProject;
			attributes = {
				LastUpgradeCheck = 0830;
				ORGANIZATIONNAME = "动旅游";
				TargetAttributes = {
					1C7E617E1EE7DF4F0088F33F = {
						CreatedOnToolsVersion = 8.3.2;
						DevelopmentTeam = 3QC6PDN9W4;
						ProvisioningStyle = Automatic;
					};
					1C7E61971EE7DF4F0088F33F = {
						CreatedOnToolsVersion = 8.3.2;
						ProvisioningStyle = Automatic;
						TestTargetID = 1C7E617E1EE7DF4F0088F33F;
					};
					1C7E61A21EE7DF4F0088F33F = {
						CreatedOnToolsVersion = 8.3.2;
						ProvisioningStyle = Automatic;
						TestTargetID = 1C7E617E1EE7DF4F0088F33F;
					};
				};
			};
			buildConfigurationList = 1C7E617A1EE7DF4F0088F33F /* Build configuration list for PBXProject "OneMinute" */;
			compatibilityVersion = "Xcode 3.2";
			developmentRegion = English;
			hasScannedForEncodings = 0;
			knownRegions = (
				en,
				Base,
			);
			mainGroup = 1C7E61761EE7DF4F0088F33F;
			productRefGroup = 1C7E61801EE7DF4F0088F33F /* Products */;
			projectDirPath = "";
			projectRoot = "";
			targets = (
				1C7E617E1EE7DF4F0088F33F /* OneMinute */,
				1C7E61971EE7DF4F0088F33F /* OneMinuteTests */,
				1C7E61A21EE7DF4F0088F33F /* OneMinuteUITests */,
			);
		};
/* End PBXProject section */

/* Begin PBXResourcesBuildPhase section */
		1C7E617D1EE7DF4F0088F33F /* Resources */ = {
			isa = PBXResourcesBuildPhase;
			buildActionMask = 2147483647;
			files = (
				ADF0729B1F9F97B2003088AE /* BigMealBGM.m4a in Resources */,
				ADF072951F9F97B2003088AE /* SoDeliciousBGM.m4a in Resources */,
				ADF072941F9F97B2003088AE /* PrimaryBGM.m4a in Resources */,
				ADC9AC0B1F9F0B4000467586 /* AfternoonTea.dly in Resources */,
				ADF072911F9F97B2003088AE /* GoNorthBGM.m4a in Resources */,
				6F643AF41F97583E001FDA76 /* PromoteVideo.mp4 in Resources */,
				ADC9AC0F1F9F0B4000467586 /* Primary.dly in Resources */,
				ADF072921F9F97B2003088AE /* MyMaldivesBGM.m4a in Resources */,
				ADF0729A1F9F97B2003088AE /* ColorfulLifeBGM.m4a in Resources */,
				ADC9AC0A1F9F0B4000467586 /* GoNorth.dly in Resources */,
				ADC9AC0D1F9F0B4000467586 /* SoDelicious.dly in Resources */,
				1C7E61921EE7DF4F0088F33F /* LaunchScreen.storyboard in Resources */,
				ADF072991F9F97B2003088AE /* YoungOutingBGM.m4a in Resources */,
				ADC9AC101F9F0B4000467586 /* Advanced.dly in Resources */,
				AD038C9A1F7293F10002C092 /* InfoPlist.strings in Resources */,
				ADC9AC0C1F9F0B4000467586 /* MyMaldives.dly in Resources */,
				ADF072981F9F97B2003088AE /* SunSetBeachBGM.m4a in Resources */,
				ADC9AC111F9F0B4000467586 /* SunSetBeach.dly in Resources */,
				ADC9AC121F9F0B4000467586 /* Secondary.dly in Resources */,
				ADC9AC081F9F0B4000467586 /* BigMeal.dly in Resources */,
				ADC9AC0E1F9F0B4000467586 /* YoungOuting.dly in Resources */,
				1C7E618F1EE7DF4F0088F33F /* Assets.xcassets in Resources */,
				ADF072971F9F97B2003088AE /* SpiritTerritoryBGM.m4a in Resources */,
				ADC9AC131F9F0B4000467586 /* SpiritTerritory.dly in Resources */,
				ADF072931F9F97B2003088AE /* SecondaryBGM.m4a in Resources */,
				ADC9AC091F9F0B4000467586 /* ColorfulLife.dly in Resources */,
				1C7E618D1EE7DF4F0088F33F /* Main.storyboard in Resources */,
				AD14ED461F9E0ABD000DB796 /* templateList_v1.plist in Resources */,
				6F32F7A71F99A57D004C4553 /* iconfont.ttf in Resources */,
				ADF072901F9F97B2003088AE /* AfternoonTeaBGM.m4a in Resources */,
				ADF072961F9F97B2003088AE /* AdvancedBGM.m4a in Resources */,
			);
			runOnlyForDeploymentPostprocessing = 0;
		};
		1C7E61961EE7DF4F0088F33F /* Resources */ = {
			isa = PBXResourcesBuildPhase;
			buildActionMask = 2147483647;
			files = (
			);
			runOnlyForDeploymentPostprocessing = 0;
		};
		1C7E61A11EE7DF4F0088F33F /* Resources */ = {
			isa = PBXResourcesBuildPhase;
			buildActionMask = 2147483647;
			files = (
			);
			runOnlyForDeploymentPostprocessing = 0;
		};
/* End PBXResourcesBuildPhase section */

/* Begin PBXShellScriptBuildPhase section */
		6F5852B31F386727009F48D1 /* ShellScript */ = {
			isa = PBXShellScriptBuildPhase;
			buildActionMask = 2147483647;
			files = (
			);
			inputPaths = (
			);
			outputPaths = (
			);
			runOnlyForDeploymentPostprocessing = 0;
			shellPath = /bin/sh;
			shellScript = "./Fabric.framework/run 2f6f57d1750b79c831d17cc6c389c8845ebb3c76 93ea7ad6f266a4dc27e17514253853169f38f70744cf26dcaab44d620925729b";
		};
		83550378109E7656E28B1048 /* [CP] Copy Pods Resources */ = {
			isa = PBXShellScriptBuildPhase;
			buildActionMask = 2147483647;
			files = (
			);
			inputPaths = (
				"${SRCROOT}/Pods/Target Support Files/Pods-OneMinute/Pods-OneMinute-resources.sh",
				"${PODS_ROOT}/GPUImage/framework/Resources/lookup.png",
				"${PODS_ROOT}/GPUImage/framework/Resources/lookup_amatorka.png",
				"${PODS_ROOT}/GPUImage/framework/Resources/lookup_miss_etikate.png",
				"${PODS_ROOT}/GPUImage/framework/Resources/lookup_soft_elegance_1.png",
				"${PODS_ROOT}/GPUImage/framework/Resources/lookup_soft_elegance_2.png",
			);
			name = "[CP] Copy Pods Resources";
			outputPaths = (
				"${TARGET_BUILD_DIR}/${UNLOCALIZED_RESOURCES_FOLDER_PATH}",
			);
			runOnlyForDeploymentPostprocessing = 0;
			shellPath = /bin/sh;
			shellScript = "\"${SRCROOT}/Pods/Target Support Files/Pods-OneMinute/Pods-OneMinute-resources.sh\"\n";
			showEnvVarsInLog = 0;
		};
		B7B7E3E858E4E93FD9FA6273 /* [CP] Embed Pods Frameworks */ = {
			isa = PBXShellScriptBuildPhase;
			buildActionMask = 2147483647;
			files = (
			);
			inputPaths = (
				"${SRCROOT}/Pods/Target Support Files/Pods-OneMinute/Pods-OneMinute-frameworks.sh",
				"${BUILT_PRODUCTS_DIR}/AFNetworking/AFNetworking.framework",
				"${BUILT_PRODUCTS_DIR}/CocoaLumberjack/CocoaLumberjack.framework",
				"${BUILT_PRODUCTS_DIR}/GPUImage/GPUImage.framework",
				"${BUILT_PRODUCTS_DIR}/Masonry/Masonry.framework",
				"${BUILT_PRODUCTS_DIR}/RNCryptor/RNCryptor.framework",
				"${BUILT_PRODUCTS_DIR}/ZipArchive/ZipArchive.framework",
			);
			name = "[CP] Embed Pods Frameworks";
			outputPaths = (
				"${TARGET_BUILD_DIR}/${FRAMEWORKS_FOLDER_PATH}/AFNetworking.framework",
				"${TARGET_BUILD_DIR}/${FRAMEWORKS_FOLDER_PATH}/CocoaLumberjack.framework",
				"${TARGET_BUILD_DIR}/${FRAMEWORKS_FOLDER_PATH}/GPUImage.framework",
				"${TARGET_BUILD_DIR}/${FRAMEWORKS_FOLDER_PATH}/Masonry.framework",
				"${TARGET_BUILD_DIR}/${FRAMEWORKS_FOLDER_PATH}/RNCryptor.framework",
				"${TARGET_BUILD_DIR}/${FRAMEWORKS_FOLDER_PATH}/ZipArchive.framework",
			);
			runOnlyForDeploymentPostprocessing = 0;
			shellPath = /bin/sh;
			shellScript = "\"${SRCROOT}/Pods/Target Support Files/Pods-OneMinute/Pods-OneMinute-frameworks.sh\"\n";
			showEnvVarsInLog = 0;
		};
		E42D6A5EE6491FE4970E630E /* [CP] Check Pods Manifest.lock */ = {
			isa = PBXShellScriptBuildPhase;
			buildActionMask = 2147483647;
			files = (
			);
			inputPaths = (
				"${PODS_PODFILE_DIR_PATH}/Podfile.lock",
				"${PODS_ROOT}/Manifest.lock",
			);
			name = "[CP] Check Pods Manifest.lock";
			outputPaths = (
				"$(DERIVED_FILE_DIR)/Pods-OneMinute-checkManifestLockResult.txt",
			);
			runOnlyForDeploymentPostprocessing = 0;
			shellPath = /bin/sh;
			shellScript = "diff \"${PODS_PODFILE_DIR_PATH}/Podfile.lock\" \"${PODS_ROOT}/Manifest.lock\" > /dev/null\nif [ $? != 0 ] ; then\n    # print error to STDERR\n    echo \"error: The sandbox is not in sync with the Podfile.lock. Run 'pod install' or update your CocoaPods installation.\" >&2\n    exit 1\nfi\n";
			showEnvVarsInLog = 0;
		};
/* End PBXShellScriptBuildPhase section */

/* Begin PBXSourcesBuildPhase section */
		1C7E617B1EE7DF4F0088F33F /* Sources */ = {
			isa = PBXSourcesBuildPhase;
			buildActionMask = 2147483647;
			files = (
				AD7608F31F70C07F00556E20 /* NSObject+JSONCategories.m in Sources */,
				AD7608F61F70C08000556E20 /* UIView+Extension.m in Sources */,
				AD5B80B21F3443080094922B /* UIColor+Hex.m in Sources */,
				AD7608F51F70C07F00556E20 /* UIImage+iconfont.m in Sources */,
				6FD13AC41F60EC02000B72FC /* DLYIndicatorView.m in Sources */,
				1C7E618A1EE7DF4F0088F33F /* ViewController.m in Sources */,
				6F81E7BD1F985564008A2FC9 /* DLYUserTrack.m in Sources */,
				1C7E61C31EE7E6730088F33F /* DLYLogModule.m in Sources */,
				ADFFF1AB1F18C00200FB5BF7 /* DLYTransitionInstructions.m in Sources */,
				1C7E61871EE7DF4F0088F33F /* AppDelegate.m in Sources */,
				6F8925E01F1B142300256093 /* DLYPopupMenuPath.m in Sources */,
				1C7E61BE1EE7E4AC0088F33F /* DLYModule.m in Sources */,
				6F8925C61F1B13B400256093 /* DLYLaunchPlayerViewController.m in Sources */,
				1C7E61BD1EE7E4AC0088F33F /* DLYAsyncQueue.m in Sources */,
				AD26F1A81F53E6DE00565E27 /* DLYAVEngine.m in Sources */,
				AD849F441F72019900B1E08F /* DLYConstants.m in Sources */,
				AD7608F41F70C07F00556E20 /* UIButton+LargerHitArea.m in Sources */,
				6F12AE6D1F3DB78300CE8CB6 /* DLYDownloadManager.m in Sources */,
				6F7455131F7A3EDE00682FB8 /* DLYThemesData.m in Sources */,
				ADFFF19E1F18A33000FB5BF7 /* DLYMiniVlogTemplate.m in Sources */,
				ADF0729E1FA03C8D003088AE /* DLYRecordTimer.m in Sources */,
				ADD0E7D41F2D9F3500996BD6 /* UIImage+Extension.m in Sources */,
				ADFFF19A1F18A33000FB5BF7 /* DLYVolumeAutomation.m in Sources */,
				ADA3709C1F2D11780082AEC6 /* DLYResource.m in Sources */,
				AD7608F71F70C08000556E20 /* UIView+Utility.m in Sources */,
				1C7E61841EE7DF4F0088F33F /* main.m in Sources */,
				ADFFF1AE1F18C04400FB5BF7 /* DLYVideoTransition.m in Sources */,
				ADFFF1A11F18A33000FB5BF7 /* DLYSession.m in Sources */,
				6F8925CC1F1B13CA00256093 /* DLYBaseNavigationController.m in Sources */,
				ADFFF19D1F18A33000FB5BF7 /* DLYMiniVlogProduct.m in Sources */,
				6F8925CD1F1B13CA00256093 /* DLYBaseViewController.m in Sources */,
				ADFFF1A81F18BFAC00FB5BF7 /* DLYTransitionComposition.m in Sources */,
				6F8925AF1F1B135100256093 /* DLYPlayVideoViewController.m in Sources */,
				6F89259C1F1B12A100256093 /* DLYExportViewController.m in Sources */,
				6FD13ABE1F5FDAF4000B72FC /* DLYAnimationViewController.m in Sources */,
				6F8925E11F1B142300256093 /* DLYRectConst.m in Sources */,
				6F8925D61F1B13FF00256093 /* DLYAlertView.m in Sources */,
				ADFFF19C1F18A33000FB5BF7 /* DLYMiniVlogPart.m in Sources */,
				6F8925D51F1B13FF00256093 /* DLYAnnularProgress.m in Sources */,
				ADFFF19B1F18A33000FB5BF7 /* DLYMiniVlogDraft.m in Sources */,
				6F806D6B1F7CEE7700B4EC51 /* DLYVideoFilter.m in Sources */,
				6F12AE6C1F3DB78300CE8CB6 /* DLYDownloader.m in Sources */,
				ADFFF1991F18A33000FB5BF7 /* DLYMobileDevice.m in Sources */,
				AD26F1AA1F53E70A00565E27 /* DLYRecordViewController.m in Sources */,
				AD13AC381F35A51A00B2B8F3 /* ALAssetsLibrary+CustomPhotoAlbum.m in Sources */,
				1C7E61BF1EE7E4AC0088F33F /* DLYModuleManager.m in Sources */,
				6F8925DF1F1B142300256093 /* DLYPopupMenu.m in Sources */,
				6FA74E871F5E48B800114C93 /* DLYTitleView.m in Sources */,
			);
			runOnlyForDeploymentPostprocessing = 0;
		};
		1C7E61941EE7DF4F0088F33F /* Sources */ = {
			isa = PBXSourcesBuildPhase;
			buildActionMask = 2147483647;
			files = (
				1C7E619D1EE7DF4F0088F33F /* OneMinuteTests.m in Sources */,
			);
			runOnlyForDeploymentPostprocessing = 0;
		};
		1C7E619F1EE7DF4F0088F33F /* Sources */ = {
			isa = PBXSourcesBuildPhase;
			buildActionMask = 2147483647;
			files = (
				1C7E61A81EE7DF4F0088F33F /* OneMinuteUITests.m in Sources */,
			);
			runOnlyForDeploymentPostprocessing = 0;
		};
/* End PBXSourcesBuildPhase section */

/* Begin PBXTargetDependency section */
		1C7E619A1EE7DF4F0088F33F /* PBXTargetDependency */ = {
			isa = PBXTargetDependency;
			target = 1C7E617E1EE7DF4F0088F33F /* OneMinute */;
			targetProxy = 1C7E61991EE7DF4F0088F33F /* PBXContainerItemProxy */;
		};
		1C7E61A51EE7DF4F0088F33F /* PBXTargetDependency */ = {
			isa = PBXTargetDependency;
			target = 1C7E617E1EE7DF4F0088F33F /* OneMinute */;
			targetProxy = 1C7E61A41EE7DF4F0088F33F /* PBXContainerItemProxy */;
		};
/* End PBXTargetDependency section */

/* Begin PBXVariantGroup section */
		1C7E618B1EE7DF4F0088F33F /* Main.storyboard */ = {
			isa = PBXVariantGroup;
			children = (
				1C7E618C1EE7DF4F0088F33F /* Base */,
				AD038C961F7293C50002C092 /* zh-Hans */,
			);
			name = Main.storyboard;
			sourceTree = "<group>";
		};
		1C7E61901EE7DF4F0088F33F /* LaunchScreen.storyboard */ = {
			isa = PBXVariantGroup;
			children = (
				1C7E61911EE7DF4F0088F33F /* Base */,
				AD038C971F7293C50002C092 /* zh-Hans */,
			);
			name = LaunchScreen.storyboard;
			sourceTree = "<group>";
		};
		AD038C9C1F7293F10002C092 /* InfoPlist.strings */ = {
			isa = PBXVariantGroup;
			children = (
				AD038C9B1F7293F10002C092 /* zh-Hans */,
				AD038C9D1F7293F30002C092 /* en */,
			);
			name = InfoPlist.strings;
			sourceTree = "<group>";
		};
/* End PBXVariantGroup section */

/* Begin XCBuildConfiguration section */
		1C7E61AA1EE7DF4F0088F33F /* Debug */ = {
			isa = XCBuildConfiguration;
			buildSettings = {
				ALWAYS_SEARCH_USER_PATHS = NO;
				CLANG_ANALYZER_LOCALIZABILITY_NONLOCALIZED = YES;
				CLANG_ANALYZER_NONNULL = YES;
				CLANG_ANALYZER_NUMBER_OBJECT_CONVERSION = YES_AGGRESSIVE;
				CLANG_CXX_LANGUAGE_STANDARD = "gnu++0x";
				CLANG_CXX_LIBRARY = "libc++";
				CLANG_ENABLE_MODULES = YES;
				CLANG_ENABLE_OBJC_ARC = YES;
				CLANG_WARN_BOOL_CONVERSION = YES;
				CLANG_WARN_CONSTANT_CONVERSION = YES;
				CLANG_WARN_DIRECT_OBJC_ISA_USAGE = YES_ERROR;
				CLANG_WARN_DOCUMENTATION_COMMENTS = YES;
				CLANG_WARN_EMPTY_BODY = YES;
				CLANG_WARN_ENUM_CONVERSION = YES;
				CLANG_WARN_INFINITE_RECURSION = YES;
				CLANG_WARN_INT_CONVERSION = YES;
				CLANG_WARN_OBJC_ROOT_CLASS = YES_ERROR;
				CLANG_WARN_SUSPICIOUS_MOVE = YES;
				CLANG_WARN_UNREACHABLE_CODE = YES;
				CLANG_WARN__DUPLICATE_METHOD_MATCH = YES;
				"CODE_SIGN_IDENTITY[sdk=iphoneos*]" = "iPhone Developer";
				COPY_PHASE_STRIP = NO;
				DEBUG_INFORMATION_FORMAT = dwarf;
				ENABLE_STRICT_OBJC_MSGSEND = YES;
				ENABLE_TESTABILITY = YES;
				GCC_C_LANGUAGE_STANDARD = gnu99;
				GCC_DYNAMIC_NO_PIC = NO;
				GCC_NO_COMMON_BLOCKS = YES;
				GCC_OPTIMIZATION_LEVEL = 0;
				GCC_PREPROCESSOR_DEFINITIONS = (
					"DEBUG=1",
					"$(inherited)",
				);
				GCC_WARN_64_TO_32_BIT_CONVERSION = YES;
				GCC_WARN_ABOUT_RETURN_TYPE = YES_ERROR;
				GCC_WARN_UNDECLARED_SELECTOR = YES;
				GCC_WARN_UNINITIALIZED_AUTOS = YES_AGGRESSIVE;
				GCC_WARN_UNUSED_FUNCTION = YES;
				GCC_WARN_UNUSED_VARIABLE = YES;
				IPHONEOS_DEPLOYMENT_TARGET = 10.3;
				MTL_ENABLE_DEBUG_INFO = YES;
				ONLY_ACTIVE_ARCH = YES;
				SDKROOT = iphoneos;
			};
			name = Debug;
		};
		1C7E61AB1EE7DF4F0088F33F /* Release */ = {
			isa = XCBuildConfiguration;
			buildSettings = {
				ALWAYS_SEARCH_USER_PATHS = NO;
				CLANG_ANALYZER_LOCALIZABILITY_NONLOCALIZED = YES;
				CLANG_ANALYZER_NONNULL = YES;
				CLANG_ANALYZER_NUMBER_OBJECT_CONVERSION = YES_AGGRESSIVE;
				CLANG_CXX_LANGUAGE_STANDARD = "gnu++0x";
				CLANG_CXX_LIBRARY = "libc++";
				CLANG_ENABLE_MODULES = YES;
				CLANG_ENABLE_OBJC_ARC = YES;
				CLANG_WARN_BOOL_CONVERSION = YES;
				CLANG_WARN_CONSTANT_CONVERSION = YES;
				CLANG_WARN_DIRECT_OBJC_ISA_USAGE = YES_ERROR;
				CLANG_WARN_DOCUMENTATION_COMMENTS = YES;
				CLANG_WARN_EMPTY_BODY = YES;
				CLANG_WARN_ENUM_CONVERSION = YES;
				CLANG_WARN_INFINITE_RECURSION = YES;
				CLANG_WARN_INT_CONVERSION = YES;
				CLANG_WARN_OBJC_ROOT_CLASS = YES_ERROR;
				CLANG_WARN_SUSPICIOUS_MOVE = YES;
				CLANG_WARN_UNREACHABLE_CODE = YES;
				CLANG_WARN__DUPLICATE_METHOD_MATCH = YES;
				"CODE_SIGN_IDENTITY[sdk=iphoneos*]" = "iPhone Developer";
				COPY_PHASE_STRIP = NO;
				DEBUG_INFORMATION_FORMAT = "dwarf-with-dsym";
				ENABLE_NS_ASSERTIONS = NO;
				ENABLE_STRICT_OBJC_MSGSEND = YES;
				GCC_C_LANGUAGE_STANDARD = gnu99;
				GCC_NO_COMMON_BLOCKS = YES;
				GCC_WARN_64_TO_32_BIT_CONVERSION = YES;
				GCC_WARN_ABOUT_RETURN_TYPE = YES_ERROR;
				GCC_WARN_UNDECLARED_SELECTOR = YES;
				GCC_WARN_UNINITIALIZED_AUTOS = YES_AGGRESSIVE;
				GCC_WARN_UNUSED_FUNCTION = YES;
				GCC_WARN_UNUSED_VARIABLE = YES;
				IPHONEOS_DEPLOYMENT_TARGET = 10.3;
				MTL_ENABLE_DEBUG_INFO = NO;
				SDKROOT = iphoneos;
				VALIDATE_PRODUCT = YES;
			};
			name = Release;
		};
		1C7E61AD1EE7DF4F0088F33F /* Debug */ = {
			isa = XCBuildConfiguration;
			baseConfigurationReference = 7E6CECB0326EA6C818C5A4ED /* Pods-OneMinute.debug.xcconfig */;
			buildSettings = {
				ASSETCATALOG_COMPILER_APPICON_NAME = AppIcon;
				ASSETCATALOG_COMPILER_LAUNCHIMAGE_NAME = LaunchImage;
				CODE_SIGN_IDENTITY = "iPhone Distribution: DENG KE (3QC6PDN9W4)";
				"CODE_SIGN_IDENTITY[sdk=iphoneos*]" = "iPhone Developer";
				CODE_SIGN_STYLE = Automatic;
				DEBUG_INFORMATION_FORMAT = "dwarf-with-dsym";
				DEVELOPMENT_TEAM = 3QC6PDN9W4;
				ENABLE_BITCODE = NO;
				GCC_PREFIX_HEADER = "$(SRCROOT)/OneMinute/DLYPrefixHeader.pch";
				INFOPLIST_FILE = OneMinute/Info.plist;
				IPHONEOS_DEPLOYMENT_TARGET = 10.0;
				LD_RUNPATH_SEARCH_PATHS = "$(inherited) @executable_path/Frameworks";
				PRODUCT_BUNDLE_IDENTIFIER = com.dly.oneminutevlog;
				PRODUCT_NAME = "$(TARGET_NAME)";
				PROVISIONING_PROFILE = "";
				PROVISIONING_PROFILE_SPECIFIER = "";
			};
			name = Debug;
		};
		1C7E61AE1EE7DF4F0088F33F /* Release */ = {
			isa = XCBuildConfiguration;
			baseConfigurationReference = FC05C70FE4A35674CFB74552 /* Pods-OneMinute.release.xcconfig */;
			buildSettings = {
				ASSETCATALOG_COMPILER_APPICON_NAME = AppIcon;
				ASSETCATALOG_COMPILER_LAUNCHIMAGE_NAME = LaunchImage;
				CODE_SIGN_IDENTITY = "iPhone Distribution: DENG KE (3QC6PDN9W4)";
				"CODE_SIGN_IDENTITY[sdk=iphoneos*]" = "iPhone Developer";
				CODE_SIGN_STYLE = Automatic;
				DEBUG_INFORMATION_FORMAT = "dwarf-with-dsym";
				DEVELOPMENT_TEAM = 3QC6PDN9W4;
				ENABLE_BITCODE = NO;
				GCC_PREFIX_HEADER = "$(SRCROOT)/OneMinute/DLYPrefixHeader.pch";
				INFOPLIST_FILE = OneMinute/Info.plist;
				IPHONEOS_DEPLOYMENT_TARGET = 10.0;
				LD_RUNPATH_SEARCH_PATHS = "$(inherited) @executable_path/Frameworks";
				PRODUCT_BUNDLE_IDENTIFIER = com.dly.oneminutevlog;
				PRODUCT_NAME = "$(TARGET_NAME)";
				PROVISIONING_PROFILE = "";
				PROVISIONING_PROFILE_SPECIFIER = "";
			};
			name = Release;
		};
		1C7E61B01EE7DF4F0088F33F /* Debug */ = {
			isa = XCBuildConfiguration;
			buildSettings = {
				BUNDLE_LOADER = "$(TEST_HOST)";
				INFOPLIST_FILE = OneMinuteTests/Info.plist;
				LD_RUNPATH_SEARCH_PATHS = "$(inherited) @executable_path/Frameworks @loader_path/Frameworks";
				PRODUCT_BUNDLE_IDENTIFIER = com.dly.OneMinuteTests;
				PRODUCT_NAME = "$(TARGET_NAME)";
				TEST_HOST = "$(BUILT_PRODUCTS_DIR)/OneMinute.app/OneMinute";
			};
			name = Debug;
		};
		1C7E61B11EE7DF4F0088F33F /* Release */ = {
			isa = XCBuildConfiguration;
			buildSettings = {
				BUNDLE_LOADER = "$(TEST_HOST)";
				INFOPLIST_FILE = OneMinuteTests/Info.plist;
				LD_RUNPATH_SEARCH_PATHS = "$(inherited) @executable_path/Frameworks @loader_path/Frameworks";
				PRODUCT_BUNDLE_IDENTIFIER = com.dly.OneMinuteTests;
				PRODUCT_NAME = "$(TARGET_NAME)";
				TEST_HOST = "$(BUILT_PRODUCTS_DIR)/OneMinute.app/OneMinute";
			};
			name = Release;
		};
		1C7E61B31EE7DF4F0088F33F /* Debug */ = {
			isa = XCBuildConfiguration;
			buildSettings = {
				INFOPLIST_FILE = OneMinuteUITests/Info.plist;
				LD_RUNPATH_SEARCH_PATHS = "$(inherited) @executable_path/Frameworks @loader_path/Frameworks";
				PRODUCT_BUNDLE_IDENTIFIER = com.dly.OneMinuteUITests;
				PRODUCT_NAME = "$(TARGET_NAME)";
				TEST_TARGET_NAME = OneMinute;
			};
			name = Debug;
		};
		1C7E61B41EE7DF4F0088F33F /* Release */ = {
			isa = XCBuildConfiguration;
			buildSettings = {
				INFOPLIST_FILE = OneMinuteUITests/Info.plist;
				LD_RUNPATH_SEARCH_PATHS = "$(inherited) @executable_path/Frameworks @loader_path/Frameworks";
				PRODUCT_BUNDLE_IDENTIFIER = com.dly.OneMinuteUITests;
				PRODUCT_NAME = "$(TARGET_NAME)";
				TEST_TARGET_NAME = OneMinute;
			};
			name = Release;
		};
/* End XCBuildConfiguration section */

/* Begin XCConfigurationList section */
		1C7E617A1EE7DF4F0088F33F /* Build configuration list for PBXProject "OneMinute" */ = {
			isa = XCConfigurationList;
			buildConfigurations = (
				1C7E61AA1EE7DF4F0088F33F /* Debug */,
				1C7E61AB1EE7DF4F0088F33F /* Release */,
			);
			defaultConfigurationIsVisible = 0;
			defaultConfigurationName = Release;
		};
		1C7E61AC1EE7DF4F0088F33F /* Build configuration list for PBXNativeTarget "OneMinute" */ = {
			isa = XCConfigurationList;
			buildConfigurations = (
				1C7E61AD1EE7DF4F0088F33F /* Debug */,
				1C7E61AE1EE7DF4F0088F33F /* Release */,
			);
			defaultConfigurationIsVisible = 0;
			defaultConfigurationName = Release;
		};
		1C7E61AF1EE7DF4F0088F33F /* Build configuration list for PBXNativeTarget "OneMinuteTests" */ = {
			isa = XCConfigurationList;
			buildConfigurations = (
				1C7E61B01EE7DF4F0088F33F /* Debug */,
				1C7E61B11EE7DF4F0088F33F /* Release */,
			);
			defaultConfigurationIsVisible = 0;
			defaultConfigurationName = Release;
		};
		1C7E61B21EE7DF4F0088F33F /* Build configuration list for PBXNativeTarget "OneMinuteUITests" */ = {
			isa = XCConfigurationList;
			buildConfigurations = (
				1C7E61B31EE7DF4F0088F33F /* Debug */,
				1C7E61B41EE7DF4F0088F33F /* Release */,
			);
			defaultConfigurationIsVisible = 0;
			defaultConfigurationName = Release;
		};
/* End XCConfigurationList section */
	};
	rootObject = 1C7E61771EE7DF4F0088F33F /* Project object */;
}
